
Microsoft Visual Studio Solution File, Format Version 12.00
# Visual Studio 14
VisualStudioVersion = 14.0.25123.0
MinimumVisualStudioVersion = 10.0.40219.1
Project("{FAE04EC0-301F-11D3-BF4B-00C04F79EFBC}") = "Interfaces", "Interfaces\Interfaces.csproj", "{3F8EAB89-B249-4741-AD51-08EDA4370D0C}"
	ProjectSection(ProjectDependencies) = postProject
		{B7175444-75C9-4579-87FC-706DE922C89F} = {B7175444-75C9-4579-87FC-706DE922C89F}
	EndProjectSection
EndProject
Project("{FAE04EC0-301F-11D3-BF4B-00C04F79EFBC}") = "Protocol", "Protocol\Protocol.csproj", "{B7175444-75C9-4579-87FC-706DE922C89F}"
EndProject
Project("{FAE04EC0-301F-11D3-BF4B-00C04F79EFBC}") = "Utilities", "Utilities\Utilities.csproj", "{B7896312-0281-4255-B8F3-1056E053FA3C}"
EndProject
Project("{FAE04EC0-301F-11D3-BF4B-00C04F79EFBC}") = "Storage", "Storage\Storage.csproj", "{115A3A3E-95CD-45AE-BE11-7ECC218FB91E}"
	ProjectSection(ProjectDependencies) = postProject
		{B7175444-75C9-4579-87FC-706DE922C89F} = {B7175444-75C9-4579-87FC-706DE922C89F}
	EndProjectSection
EndProject
Project("{FAE04EC0-301F-11D3-BF4B-00C04F79EFBC}") = "StorageTests", "StorageTests\StorageTests.csproj", "{461BD293-FE4E-4EE0-ACA1-CD638A64B0EB}"
EndProject
Project("{FAE04EC0-301F-11D3-BF4B-00C04F79EFBC}") = "TestUtilities", "TestUtilities\TestUtilities.csproj", "{46D69BAD-6E11-4AEE-A242-5335AE3FFC7A}"
EndProject
Global
	GlobalSection(SolutionConfigurationPlatforms) = preSolution
		Debug_Ubuntu|Any CPU = Debug_Ubuntu|Any CPU
		Debug_Ubuntu|ARM = Debug_Ubuntu|ARM
		Debug_Ubuntu|x64 = Debug_Ubuntu|x64
		Debug_Ubuntu|x86 = Debug_Ubuntu|x86
		Debug|Any CPU = Debug|Any CPU
		Debug|ARM = Debug|ARM
		Debug|x64 = Debug|x64
		Debug|x86 = Debug|x86
		Release_Ubuntu|Any CPU = Release_Ubuntu|Any CPU
		Release_Ubuntu|ARM = Release_Ubuntu|ARM
		Release_Ubuntu|x64 = Release_Ubuntu|x64
		Release_Ubuntu|x86 = Release_Ubuntu|x86
		Release|Any CPU = Release|Any CPU
		Release|ARM = Release|ARM
		Release|x64 = Release|x64
		Release|x86 = Release|x86
	EndGlobalSection
	GlobalSection(ProjectConfigurationPlatforms) = postSolution
		{3F8EAB89-B249-4741-AD51-08EDA4370D0C}.Debug_Ubuntu|Any CPU.ActiveCfg = Debug|Any CPU
		{3F8EAB89-B249-4741-AD51-08EDA4370D0C}.Debug_Ubuntu|Any CPU.Build.0 = Debug|Any CPU
		{3F8EAB89-B249-4741-AD51-08EDA4370D0C}.Debug_Ubuntu|ARM.ActiveCfg = Debug|Any CPU
		{3F8EAB89-B249-4741-AD51-08EDA4370D0C}.Debug_Ubuntu|ARM.Build.0 = Debug|Any CPU
		{3F8EAB89-B249-4741-AD51-08EDA4370D0C}.Debug_Ubuntu|x64.ActiveCfg = Debug|Any CPU
		{3F8EAB89-B249-4741-AD51-08EDA4370D0C}.Debug_Ubuntu|x64.Build.0 = Debug|Any CPU
		{3F8EAB89-B249-4741-AD51-08EDA4370D0C}.Debug_Ubuntu|x86.ActiveCfg = Debug|Any CPU
		{3F8EAB89-B249-4741-AD51-08EDA4370D0C}.Debug_Ubuntu|x86.Build.0 = Debug|Any CPU
		{3F8EAB89-B249-4741-AD51-08EDA4370D0C}.Debug|Any CPU.ActiveCfg = Debug|Any CPU
		{3F8EAB89-B249-4741-AD51-08EDA4370D0C}.Debug|Any CPU.Build.0 = Debug|Any CPU
		{3F8EAB89-B249-4741-AD51-08EDA4370D0C}.Debug|ARM.ActiveCfg = Debug|Any CPU
		{3F8EAB89-B249-4741-AD51-08EDA4370D0C}.Debug|ARM.Build.0 = Debug|Any CPU
		{3F8EAB89-B249-4741-AD51-08EDA4370D0C}.Debug|x64.ActiveCfg = Debug|Any CPU
		{3F8EAB89-B249-4741-AD51-08EDA4370D0C}.Debug|x64.Build.0 = Debug|Any CPU
		{3F8EAB89-B249-4741-AD51-08EDA4370D0C}.Debug|x86.ActiveCfg = Debug|Any CPU
		{3F8EAB89-B249-4741-AD51-08EDA4370D0C}.Debug|x86.Build.0 = Debug|Any CPU
		{3F8EAB89-B249-4741-AD51-08EDA4370D0C}.Release_Ubuntu|Any CPU.ActiveCfg = Release|Any CPU
		{3F8EAB89-B249-4741-AD51-08EDA4370D0C}.Release_Ubuntu|Any CPU.Build.0 = Release|Any CPU
		{3F8EAB89-B249-4741-AD51-08EDA4370D0C}.Release_Ubuntu|ARM.ActiveCfg = Release|Any CPU
		{3F8EAB89-B249-4741-AD51-08EDA4370D0C}.Release_Ubuntu|ARM.Build.0 = Release|Any CPU
		{3F8EAB89-B249-4741-AD51-08EDA4370D0C}.Release_Ubuntu|x64.ActiveCfg = Release|Any CPU
		{3F8EAB89-B249-4741-AD51-08EDA4370D0C}.Release_Ubuntu|x64.Build.0 = Release|Any CPU
		{3F8EAB89-B249-4741-AD51-08EDA4370D0C}.Release_Ubuntu|x86.ActiveCfg = Release|Any CPU
		{3F8EAB89-B249-4741-AD51-08EDA4370D0C}.Release_Ubuntu|x86.Build.0 = Release|Any CPU
		{3F8EAB89-B249-4741-AD51-08EDA4370D0C}.Release|Any CPU.ActiveCfg = Release|Any CPU
		{3F8EAB89-B249-4741-AD51-08EDA4370D0C}.Release|Any CPU.Build.0 = Release|Any CPU
		{3F8EAB89-B249-4741-AD51-08EDA4370D0C}.Release|ARM.ActiveCfg = Release|Any CPU
		{3F8EAB89-B249-4741-AD51-08EDA4370D0C}.Release|ARM.Build.0 = Release|Any CPU
		{3F8EAB89-B249-4741-AD51-08EDA4370D0C}.Release|x64.ActiveCfg = Release|Any CPU
		{3F8EAB89-B249-4741-AD51-08EDA4370D0C}.Release|x64.Build.0 = Release|Any CPU
		{3F8EAB89-B249-4741-AD51-08EDA4370D0C}.Release|x86.ActiveCfg = Release|Any CPU
		{3F8EAB89-B249-4741-AD51-08EDA4370D0C}.Release|x86.Build.0 = Release|Any CPU
		{B7175444-75C9-4579-87FC-706DE922C89F}.Debug_Ubuntu|Any CPU.ActiveCfg = Debug|Any CPU
		{B7175444-75C9-4579-87FC-706DE922C89F}.Debug_Ubuntu|Any CPU.Build.0 = Debug|Any CPU
		{B7175444-75C9-4579-87FC-706DE922C89F}.Debug_Ubuntu|ARM.ActiveCfg = Debug|Any CPU
		{B7175444-75C9-4579-87FC-706DE922C89F}.Debug_Ubuntu|ARM.Build.0 = Debug|Any CPU
		{B7175444-75C9-4579-87FC-706DE922C89F}.Debug_Ubuntu|x64.ActiveCfg = Debug|Any CPU
		{B7175444-75C9-4579-87FC-706DE922C89F}.Debug_Ubuntu|x64.Build.0 = Debug|Any CPU
		{B7175444-75C9-4579-87FC-706DE922C89F}.Debug_Ubuntu|x86.ActiveCfg = Debug|Any CPU
		{B7175444-75C9-4579-87FC-706DE922C89F}.Debug_Ubuntu|x86.Build.0 = Debug|Any CPU
		{B7175444-75C9-4579-87FC-706DE922C89F}.Debug|Any CPU.ActiveCfg = Debug|Any CPU
		{B7175444-75C9-4579-87FC-706DE922C89F}.Debug|Any CPU.Build.0 = Debug|Any CPU
		{B7175444-75C9-4579-87FC-706DE922C89F}.Debug|ARM.ActiveCfg = Debug|Any CPU
		{B7175444-75C9-4579-87FC-706DE922C89F}.Debug|ARM.Build.0 = Debug|Any CPU
		{B7175444-75C9-4579-87FC-706DE922C89F}.Debug|x64.ActiveCfg = Debug|Any CPU
		{B7175444-75C9-4579-87FC-706DE922C89F}.Debug|x64.Build.0 = Debug|Any CPU
		{B7175444-75C9-4579-87FC-706DE922C89F}.Debug|x86.ActiveCfg = Debug|Any CPU
		{B7175444-75C9-4579-87FC-706DE922C89F}.Debug|x86.Build.0 = Debug|Any CPU
		{B7175444-75C9-4579-87FC-706DE922C89F}.Release_Ubuntu|Any CPU.ActiveCfg = Release|Any CPU
		{B7175444-75C9-4579-87FC-706DE922C89F}.Release_Ubuntu|Any CPU.Build.0 = Release|Any CPU
		{B7175444-75C9-4579-87FC-706DE922C89F}.Release_Ubuntu|ARM.ActiveCfg = Release|Any CPU
		{B7175444-75C9-4579-87FC-706DE922C89F}.Release_Ubuntu|ARM.Build.0 = Release|Any CPU
		{B7175444-75C9-4579-87FC-706DE922C89F}.Release_Ubuntu|x64.ActiveCfg = Release|Any CPU
		{B7175444-75C9-4579-87FC-706DE922C89F}.Release_Ubuntu|x64.Build.0 = Release|Any CPU
		{B7175444-75C9-4579-87FC-706DE922C89F}.Release_Ubuntu|x86.ActiveCfg = Release|Any CPU
		{B7175444-75C9-4579-87FC-706DE922C89F}.Release_Ubuntu|x86.Build.0 = Release|Any CPU
		{B7175444-75C9-4579-87FC-706DE922C89F}.Release|Any CPU.ActiveCfg = Release|Any CPU
		{B7175444-75C9-4579-87FC-706DE922C89F}.Release|Any CPU.Build.0 = Release|Any CPU
		{B7175444-75C9-4579-87FC-706DE922C89F}.Release|ARM.ActiveCfg = Release|Any CPU
		{B7175444-75C9-4579-87FC-706DE922C89F}.Release|ARM.Build.0 = Release|Any CPU
		{B7175444-75C9-4579-87FC-706DE922C89F}.Release|x64.ActiveCfg = Release|Any CPU
		{B7175444-75C9-4579-87FC-706DE922C89F}.Release|x64.Build.0 = Release|Any CPU
		{B7175444-75C9-4579-87FC-706DE922C89F}.Release|x86.ActiveCfg = Release|Any CPU
		{B7175444-75C9-4579-87FC-706DE922C89F}.Release|x86.Build.0 = Release|Any CPU
		{B7896312-0281-4255-B8F3-1056E053FA3C}.Debug_Ubuntu|Any CPU.ActiveCfg = Debug|Any CPU
		{B7896312-0281-4255-B8F3-1056E053FA3C}.Debug_Ubuntu|Any CPU.Build.0 = Debug|Any CPU
		{B7896312-0281-4255-B8F3-1056E053FA3C}.Debug_Ubuntu|ARM.ActiveCfg = Debug|Any CPU
		{B7896312-0281-4255-B8F3-1056E053FA3C}.Debug_Ubuntu|ARM.Build.0 = Debug|Any CPU
		{B7896312-0281-4255-B8F3-1056E053FA3C}.Debug_Ubuntu|x64.ActiveCfg = Debug|Any CPU
		{B7896312-0281-4255-B8F3-1056E053FA3C}.Debug_Ubuntu|x64.Build.0 = Debug|Any CPU
		{B7896312-0281-4255-B8F3-1056E053FA3C}.Debug_Ubuntu|x86.ActiveCfg = Debug|Any CPU
		{B7896312-0281-4255-B8F3-1056E053FA3C}.Debug_Ubuntu|x86.Build.0 = Debug|Any CPU
		{B7896312-0281-4255-B8F3-1056E053FA3C}.Debug|Any CPU.ActiveCfg = Debug|Any CPU
		{B7896312-0281-4255-B8F3-1056E053FA3C}.Debug|Any CPU.Build.0 = Debug|Any CPU
		{B7896312-0281-4255-B8F3-1056E053FA3C}.Debug|ARM.ActiveCfg = Debug|Any CPU
		{B7896312-0281-4255-B8F3-1056E053FA3C}.Debug|ARM.Build.0 = Debug|Any CPU
		{B7896312-0281-4255-B8F3-1056E053FA3C}.Debug|x64.ActiveCfg = Debug|Any CPU
		{B7896312-0281-4255-B8F3-1056E053FA3C}.Debug|x64.Build.0 = Debug|Any CPU
		{B7896312-0281-4255-B8F3-1056E053FA3C}.Debug|x86.ActiveCfg = Debug|Any CPU
		{B7896312-0281-4255-B8F3-1056E053FA3C}.Debug|x86.Build.0 = Debug|Any CPU
		{B7896312-0281-4255-B8F3-1056E053FA3C}.Release_Ubuntu|Any CPU.ActiveCfg = Release|Any CPU
		{B7896312-0281-4255-B8F3-1056E053FA3C}.Release_Ubuntu|Any CPU.Build.0 = Release|Any CPU
		{B7896312-0281-4255-B8F3-1056E053FA3C}.Release_Ubuntu|ARM.ActiveCfg = Release|Any CPU
		{B7896312-0281-4255-B8F3-1056E053FA3C}.Release_Ubuntu|ARM.Build.0 = Release|Any CPU
		{B7896312-0281-4255-B8F3-1056E053FA3C}.Release_Ubuntu|x64.ActiveCfg = Release|Any CPU
		{B7896312-0281-4255-B8F3-1056E053FA3C}.Release_Ubuntu|x64.Build.0 = Release|Any CPU
		{B7896312-0281-4255-B8F3-1056E053FA3C}.Release_Ubuntu|x86.ActiveCfg = Release|Any CPU
		{B7896312-0281-4255-B8F3-1056E053FA3C}.Release_Ubuntu|x86.Build.0 = Release|Any CPU
		{B7896312-0281-4255-B8F3-1056E053FA3C}.Release|Any CPU.ActiveCfg = Release|Any CPU
		{B7896312-0281-4255-B8F3-1056E053FA3C}.Release|Any CPU.Build.0 = Release|Any CPU
		{B7896312-0281-4255-B8F3-1056E053FA3C}.Release|ARM.ActiveCfg = Release|Any CPU
		{B7896312-0281-4255-B8F3-1056E053FA3C}.Release|ARM.Build.0 = Release|Any CPU
		{B7896312-0281-4255-B8F3-1056E053FA3C}.Release|x64.ActiveCfg = Release|Any CPU
		{B7896312-0281-4255-B8F3-1056E053FA3C}.Release|x64.Build.0 = Release|Any CPU
		{B7896312-0281-4255-B8F3-1056E053FA3C}.Release|x86.ActiveCfg = Release|Any CPU
		{B7896312-0281-4255-B8F3-1056E053FA3C}.Release|x86.Build.0 = Release|Any CPU
		{115A3A3E-95CD-45AE-BE11-7ECC218FB91E}.Debug_Ubuntu|Any CPU.ActiveCfg = Debug|Any CPU
		{115A3A3E-95CD-45AE-BE11-7ECC218FB91E}.Debug_Ubuntu|Any CPU.Build.0 = Debug|Any CPU
		{115A3A3E-95CD-45AE-BE11-7ECC218FB91E}.Debug_Ubuntu|ARM.ActiveCfg = Debug|Any CPU
		{115A3A3E-95CD-45AE-BE11-7ECC218FB91E}.Debug_Ubuntu|ARM.Build.0 = Debug|Any CPU
		{115A3A3E-95CD-45AE-BE11-7ECC218FB91E}.Debug_Ubuntu|x64.ActiveCfg = Debug|Any CPU
		{115A3A3E-95CD-45AE-BE11-7ECC218FB91E}.Debug_Ubuntu|x64.Build.0 = Debug|Any CPU
		{115A3A3E-95CD-45AE-BE11-7ECC218FB91E}.Debug_Ubuntu|x86.ActiveCfg = Debug|Any CPU
		{115A3A3E-95CD-45AE-BE11-7ECC218FB91E}.Debug_Ubuntu|x86.Build.0 = Debug|Any CPU
		{115A3A3E-95CD-45AE-BE11-7ECC218FB91E}.Debug|Any CPU.ActiveCfg = Debug|Any CPU
		{115A3A3E-95CD-45AE-BE11-7ECC218FB91E}.Debug|Any CPU.Build.0 = Debug|Any CPU
		{115A3A3E-95CD-45AE-BE11-7ECC218FB91E}.Debug|ARM.ActiveCfg = Debug|Any CPU
		{115A3A3E-95CD-45AE-BE11-7ECC218FB91E}.Debug|ARM.Build.0 = Debug|Any CPU
		{115A3A3E-95CD-45AE-BE11-7ECC218FB91E}.Debug|x64.ActiveCfg = Debug|Any CPU
		{115A3A3E-95CD-45AE-BE11-7ECC218FB91E}.Debug|x64.Build.0 = Debug|Any CPU
		{115A3A3E-95CD-45AE-BE11-7ECC218FB91E}.Debug|x86.ActiveCfg = Debug|Any CPU
		{115A3A3E-95CD-45AE-BE11-7ECC218FB91E}.Debug|x86.Build.0 = Debug|Any CPU
		{115A3A3E-95CD-45AE-BE11-7ECC218FB91E}.Release_Ubuntu|Any CPU.ActiveCfg = Release|Any CPU
		{115A3A3E-95CD-45AE-BE11-7ECC218FB91E}.Release_Ubuntu|Any CPU.Build.0 = Release|Any CPU
		{115A3A3E-95CD-45AE-BE11-7ECC218FB91E}.Release_Ubuntu|ARM.ActiveCfg = Release|Any CPU
		{115A3A3E-95CD-45AE-BE11-7ECC218FB91E}.Release_Ubuntu|ARM.Build.0 = Release|Any CPU
		{115A3A3E-95CD-45AE-BE11-7ECC218FB91E}.Release_Ubuntu|x64.ActiveCfg = Release|Any CPU
		{115A3A3E-95CD-45AE-BE11-7ECC218FB91E}.Release_Ubuntu|x64.Build.0 = Release|Any CPU
		{115A3A3E-95CD-45AE-BE11-7ECC218FB91E}.Release_Ubuntu|x86.ActiveCfg = Release|Any CPU
		{115A3A3E-95CD-45AE-BE11-7ECC218FB91E}.Release_Ubuntu|x86.Build.0 = Release|Any CPU
		{115A3A3E-95CD-45AE-BE11-7ECC218FB91E}.Release|Any CPU.ActiveCfg = Release|Any CPU
		{115A3A3E-95CD-45AE-BE11-7ECC218FB91E}.Release|Any CPU.Build.0 = Release|Any CPU
		{115A3A3E-95CD-45AE-BE11-7ECC218FB91E}.Release|ARM.ActiveCfg = Release|Any CPU
		{115A3A3E-95CD-45AE-BE11-7ECC218FB91E}.Release|ARM.Build.0 = Release|Any CPU
		{115A3A3E-95CD-45AE-BE11-7ECC218FB91E}.Release|x64.ActiveCfg = Release|Any CPU
		{115A3A3E-95CD-45AE-BE11-7ECC218FB91E}.Release|x64.Build.0 = Release|Any CPU
		{115A3A3E-95CD-45AE-BE11-7ECC218FB91E}.Release|x86.ActiveCfg = Release|Any CPU
		{115A3A3E-95CD-45AE-BE11-7ECC218FB91E}.Release|x86.Build.0 = Release|Any CPU
		{461BD293-FE4E-4EE0-ACA1-CD638A64B0EB}.Debug_Ubuntu|Any CPU.ActiveCfg = Debug|Any CPU
		{461BD293-FE4E-4EE0-ACA1-CD638A64B0EB}.Debug_Ubuntu|Any CPU.Build.0 = Debug|Any CPU
		{461BD293-FE4E-4EE0-ACA1-CD638A64B0EB}.Debug_Ubuntu|ARM.ActiveCfg = Debug|Any CPU
		{461BD293-FE4E-4EE0-ACA1-CD638A64B0EB}.Debug_Ubuntu|ARM.Build.0 = Debug|Any CPU
		{461BD293-FE4E-4EE0-ACA1-CD638A64B0EB}.Debug_Ubuntu|x64.ActiveCfg = Debug|Any CPU
		{461BD293-FE4E-4EE0-ACA1-CD638A64B0EB}.Debug_Ubuntu|x64.Build.0 = Debug|Any CPU
		{461BD293-FE4E-4EE0-ACA1-CD638A64B0EB}.Debug_Ubuntu|x86.ActiveCfg = Debug|Any CPU
		{461BD293-FE4E-4EE0-ACA1-CD638A64B0EB}.Debug_Ubuntu|x86.Build.0 = Debug|Any CPU
		{461BD293-FE4E-4EE0-ACA1-CD638A64B0EB}.Debug|Any CPU.ActiveCfg = Debug|Any CPU
		{461BD293-FE4E-4EE0-ACA1-CD638A64B0EB}.Debug|Any CPU.Build.0 = Debug|Any CPU
		{461BD293-FE4E-4EE0-ACA1-CD638A64B0EB}.Debug|ARM.ActiveCfg = Debug|Any CPU
		{461BD293-FE4E-4EE0-ACA1-CD638A64B0EB}.Debug|ARM.Build.0 = Debug|Any CPU
		{461BD293-FE4E-4EE0-ACA1-CD638A64B0EB}.Debug|x64.ActiveCfg = Debug|Any CPU
		{461BD293-FE4E-4EE0-ACA1-CD638A64B0EB}.Debug|x64.Build.0 = Debug|Any CPU
		{461BD293-FE4E-4EE0-ACA1-CD638A64B0EB}.Debug|x86.ActiveCfg = Debug|Any CPU
		{461BD293-FE4E-4EE0-ACA1-CD638A64B0EB}.Debug|x86.Build.0 = Debug|Any CPU
		{461BD293-FE4E-4EE0-ACA1-CD638A64B0EB}.Release_Ubuntu|Any CPU.ActiveCfg = Release|Any CPU
		{461BD293-FE4E-4EE0-ACA1-CD638A64B0EB}.Release_Ubuntu|Any CPU.Build.0 = Release|Any CPU
		{461BD293-FE4E-4EE0-ACA1-CD638A64B0EB}.Release_Ubuntu|ARM.ActiveCfg = Release|Any CPU
		{461BD293-FE4E-4EE0-ACA1-CD638A64B0EB}.Release_Ubuntu|ARM.Build.0 = Release|Any CPU
		{461BD293-FE4E-4EE0-ACA1-CD638A64B0EB}.Release_Ubuntu|x64.ActiveCfg = Release|Any CPU
		{461BD293-FE4E-4EE0-ACA1-CD638A64B0EB}.Release_Ubuntu|x64.Build.0 = Release|Any CPU
		{461BD293-FE4E-4EE0-ACA1-CD638A64B0EB}.Release_Ubuntu|x86.ActiveCfg = Release|Any CPU
		{461BD293-FE4E-4EE0-ACA1-CD638A64B0EB}.Release_Ubuntu|x86.Build.0 = Release|Any CPU
		{461BD293-FE4E-4EE0-ACA1-CD638A64B0EB}.Release|Any CPU.ActiveCfg = Release|Any CPU
		{461BD293-FE4E-4EE0-ACA1-CD638A64B0EB}.Release|Any CPU.Build.0 = Release|Any CPU
		{461BD293-FE4E-4EE0-ACA1-CD638A64B0EB}.Release|ARM.ActiveCfg = Release|Any CPU
		{461BD293-FE4E-4EE0-ACA1-CD638A64B0EB}.Release|ARM.Build.0 = Release|Any CPU
		{461BD293-FE4E-4EE0-ACA1-CD638A64B0EB}.Release|x64.ActiveCfg = Release|Any CPU
		{461BD293-FE4E-4EE0-ACA1-CD638A64B0EB}.Release|x64.Build.0 = Release|Any CPU
		{461BD293-FE4E-4EE0-ACA1-CD638A64B0EB}.Release|x86.ActiveCfg = Release|Any CPU
		{461BD293-FE4E-4EE0-ACA1-CD638A64B0EB}.Release|x86.Build.0 = Release|Any CPU
		{46D69BAD-6E11-4AEE-A242-5335AE3FFC7A}.Debug_Ubuntu|Any CPU.ActiveCfg = Debug|Any CPU
		{46D69BAD-6E11-4AEE-A242-5335AE3FFC7A}.Debug_Ubuntu|Any CPU.Build.0 = Debug|Any CPU
		{46D69BAD-6E11-4AEE-A242-5335AE3FFC7A}.Debug_Ubuntu|ARM.ActiveCfg = Debug|Any CPU
		{46D69BAD-6E11-4AEE-A242-5335AE3FFC7A}.Debug_Ubuntu|ARM.Build.0 = Debug|Any CPU
		{46D69BAD-6E11-4AEE-A242-5335AE3FFC7A}.Debug_Ubuntu|x64.ActiveCfg = Debug|Any CPU
		{46D69BAD-6E11-4AEE-A242-5335AE3FFC7A}.Debug_Ubuntu|x64.Build.0 = Debug|Any CPU
		{46D69BAD-6E11-4AEE-A242-5335AE3FFC7A}.Debug_Ubuntu|x86.ActiveCfg = Debug|Any CPU
		{46D69BAD-6E11-4AEE-A242-5335AE3FFC7A}.Debug_Ubuntu|x86.Build.0 = Debug|Any CPU
		{46D69BAD-6E11-4AEE-A242-5335AE3FFC7A}.Debug|Any CPU.ActiveCfg = Debug|Any CPU
		{46D69BAD-6E11-4AEE-A242-5335AE3FFC7A}.Debug|Any CPU.Build.0 = Debug|Any CPU
		{46D69BAD-6E11-4AEE-A242-5335AE3FFC7A}.Debug|ARM.ActiveCfg = Debug|Any CPU
		{46D69BAD-6E11-4AEE-A242-5335AE3FFC7A}.Debug|ARM.Build.0 = Debug|Any CPU
		{46D69BAD-6E11-4AEE-A242-5335AE3FFC7A}.Debug|x64.ActiveCfg = Debug|Any CPU
		{46D69BAD-6E11-4AEE-A242-5335AE3FFC7A}.Debug|x64.Build.0 = Debug|Any CPU
		{46D69BAD-6E11-4AEE-A242-5335AE3FFC7A}.Debug|x86.ActiveCfg = Debug|Any CPU
		{46D69BAD-6E11-4AEE-A242-5335AE3FFC7A}.Debug|x86.Build.0 = Debug|Any CPU
		{46D69BAD-6E11-4AEE-A242-5335AE3FFC7A}.Release_Ubuntu|Any CPU.ActiveCfg = Release|Any CPU
		{46D69BAD-6E11-4AEE-A242-5335AE3FFC7A}.Release_Ubuntu|Any CPU.Build.0 = Release|Any CPU
		{46D69BAD-6E11-4AEE-A242-5335AE3FFC7A}.Release_Ubuntu|ARM.ActiveCfg = Release|Any CPU
		{46D69BAD-6E11-4AEE-A242-5335AE3FFC7A}.Release_Ubuntu|ARM.Build.0 = Release|Any CPU
		{46D69BAD-6E11-4AEE-A242-5335AE3FFC7A}.Release_Ubuntu|x64.ActiveCfg = Release|Any CPU
		{46D69BAD-6E11-4AEE-A242-5335AE3FFC7A}.Release_Ubuntu|x64.Build.0 = Release|Any CPU
		{46D69BAD-6E11-4AEE-A242-5335AE3FFC7A}.Release_Ubuntu|x86.ActiveCfg = Release|Any CPU
		{46D69BAD-6E11-4AEE-A242-5335AE3FFC7A}.Release_Ubuntu|x86.Build.0 = Release|Any CPU
		{46D69BAD-6E11-4AEE-A242-5335AE3FFC7A}.Release|Any CPU.ActiveCfg = Release|Any CPU
		{46D69BAD-6E11-4AEE-A242-5335AE3FFC7A}.Release|Any CPU.Build.0 = Release|Any CPU
		{46D69BAD-6E11-4AEE-A242-5335AE3FFC7A}.Release|ARM.ActiveCfg = Release|Any CPU
		{46D69BAD-6E11-4AEE-A242-5335AE3FFC7A}.Release|ARM.Build.0 = Release|Any CPU
		{46D69BAD-6E11-4AEE-A242-5335AE3FFC7A}.Release|x64.ActiveCfg = Release|Any CPU
		{46D69BAD-6E11-4AEE-A242-5335AE3FFC7A}.Release|x64.Build.0 = Release|Any CPU
		{46D69BAD-6E11-4AEE-A242-5335AE3FFC7A}.Release|x86.ActiveCfg = Release|Any CPU
		{46D69BAD-6E11-4AEE-A242-5335AE3FFC7A}.Release|x86.Build.0 = Release|Any CPU
	EndGlobalSection
	GlobalSection(SolutionProperties) = preSolution
		HideSolutionNode = FALSE
	EndGlobalSection
EndGlobal
