
Microsoft Visual Studio Solution File, Format Version 12.00
# Visual Studio 14
VisualStudioVersion = 14.0.25420.1
MinimumVisualStudioVersion = 10.0.40219.1
Project("{FAE04EC0-301F-11D3-BF4B-00C04F79EFBC}") = "Protocol", "Protocol\Protocol.csproj", "{B7175444-75C9-4579-87FC-706DE922C89F}"
EndProject
Project("{FAE04EC0-301F-11D3-BF4B-00C04F79EFBC}") = "Utilities", "Utilities\Utilities.csproj", "{B7896312-0281-4255-B8F3-1056E053FA3C}"
EndProject
Project("{FAE04EC0-301F-11D3-BF4B-00C04F79EFBC}") = "Storage", "Storage\Storage.csproj", "{115A3A3E-95CD-45AE-BE11-7ECC218FB91E}"
EndProject
Project("{FAE04EC0-301F-11D3-BF4B-00C04F79EFBC}") = "StorageTests", "StorageTests\StorageTests.csproj", "{461BD293-FE4E-4EE0-ACA1-CD638A64B0EB}"
EndProject
Project("{FAE04EC0-301F-11D3-BF4B-00C04F79EFBC}") = "TestUtilities", "TestUtilities\TestUtilities.csproj", "{46D69BAD-6E11-4AEE-A242-5335AE3FFC7A}"
EndProject
Project("{FAE04EC0-301F-11D3-BF4B-00C04F79EFBC}") = "ProtocolImpl", "ProtocolImpl\ProtocolImpl.csproj", "{DFDC0E22-4E95-447B-9DE2-EF4139CDEDC1}"
EndProject
Project("{FAE04EC0-301F-11D3-BF4B-00C04F79EFBC}") = "PhoenixTransport", "PhoenixTransport\PhoenixTransport.csproj", "{334EAAC4-1DCA-4440-BB6E-EF64084BFF65}"
EndProject
Project("{FAE04EC0-301F-11D3-BF4B-00C04F79EFBC}") = "ProtocolImplTests", "ProtocolImplTests\ProtocolImplTests.csproj", "{9EE2B6B1-3A4C-42E5-B324-BF892DDC9BAC}"
EndProject
Project("{2150E333-8FDC-42A3-9474-1A3956D46DE8}") = "Tests", "Tests", "{C6B31BF4-4A53-448E-B235-5FCFF02F653A}"
EndProject
Project("{FAE04EC0-301F-11D3-BF4B-00C04F79EFBC}") = "ProtocolPayloads", "ProtocolPayloads\ProtocolPayloads.csproj", "{DE2E0581-3B35-44BC-A408-F3F480D70F18}"
EndProject
Project("{FAE04EC0-301F-11D3-BF4B-00C04F79EFBC}") = "UI", "UI\UI.csproj", "{9467AB27-02F2-4ECD-A621-38FE3F7B0A55}"
EndProject
Project("{FAE04EC0-301F-11D3-BF4B-00C04F79EFBC}") = "CoreFactory", "CoreFactory\CoreFactory.csproj", "{F6CB73FA-AC0F-4E4C-9F10-B2230A249DC8}"
EndProject
Project("{FAE04EC0-301F-11D3-BF4B-00C04F79EFBC}") = "StorageImpl", "StorageImpl\StorageImpl.csproj", "{26AEC3E4-35AE-41EE-AFA6-3ABE08B296D1}"
EndProject
Project("{FAE04EC0-301F-11D3-BF4B-00C04F79EFBC}") = "ProtocolTransport", "ProtocolTransport\ProtocolTransport.csproj", "{2F40BAA9-89C9-44D7-8060-233B5230B94B}"
EndProject
Project("{FAE04EC0-301F-11D3-BF4B-00C04F79EFBC}") = "FontInstaller", "FontInstaller\FontInstaller.csproj", "{7D9852A5-6911-478F-B863-C31FBCDD8065}"
EndProject
Project("{FAE04EC0-301F-11D3-BF4B-00C04F79EFBC}") = "FontInstallerImpl", "FontInstallerImpl\FontInstallerImpl.csproj", "{E32D99DC-41D7-4C95-9F2D-F7732932375C}"
EndProject
Project("{FAE04EC0-301F-11D3-BF4B-00C04F79EFBC}") = "ConnectionTestUtilities", "ConnectionTestUtilities\ConnectionTestUtilities.csproj", "{79871541-3A7D-4FB6-83CF-E585DB53E403}"
EndProject
Project("{FAE04EC0-301F-11D3-BF4B-00C04F79EFBC}") = "CoreIntegrationTests", "CoreIntegrationTests\CoreIntegrationTests.csproj", "{AFFD1EF0-DCDD-4E15-AD2A-35038BB3AAE8}"
EndProject
Project("{FAE04EC0-301F-11D3-BF4B-00C04F79EFBC}") = "HttpTransportIml", "HttpTransportIml\HttpTransportIml.csproj", "{291A80B9-8D03-4E29-A8A0-A5974F6A4024}"
EndProject
Global
	GlobalSection(SolutionConfigurationPlatforms) = preSolution
		Debug_Ubuntu|Any CPU = Debug_Ubuntu|Any CPU
		Debug_Ubuntu|ARM = Debug_Ubuntu|ARM
		Debug_Ubuntu|x64 = Debug_Ubuntu|x64
		Debug_Ubuntu|x86 = Debug_Ubuntu|x86
		Debug|Any CPU = Debug|Any CPU
		Debug|ARM = Debug|ARM
		Debug|x64 = Debug|x64
		Debug|x86 = Debug|x86
		Release_Ubuntu|Any CPU = Release_Ubuntu|Any CPU
		Release_Ubuntu|ARM = Release_Ubuntu|ARM
		Release_Ubuntu|x64 = Release_Ubuntu|x64
		Release_Ubuntu|x86 = Release_Ubuntu|x86
		Release|Any CPU = Release|Any CPU
		Release|ARM = Release|ARM
		Release|x64 = Release|x64
		Release|x86 = Release|x86
	EndGlobalSection
	GlobalSection(ProjectConfigurationPlatforms) = postSolution
		{B7175444-75C9-4579-87FC-706DE922C89F}.Debug_Ubuntu|Any CPU.ActiveCfg = Debug|Any CPU
		{B7175444-75C9-4579-87FC-706DE922C89F}.Debug_Ubuntu|Any CPU.Build.0 = Debug|Any CPU
		{B7175444-75C9-4579-87FC-706DE922C89F}.Debug_Ubuntu|ARM.ActiveCfg = Debug|Any CPU
		{B7175444-75C9-4579-87FC-706DE922C89F}.Debug_Ubuntu|ARM.Build.0 = Debug|Any CPU
		{B7175444-75C9-4579-87FC-706DE922C89F}.Debug_Ubuntu|x64.ActiveCfg = Debug|Any CPU
		{B7175444-75C9-4579-87FC-706DE922C89F}.Debug_Ubuntu|x64.Build.0 = Debug|Any CPU
		{B7175444-75C9-4579-87FC-706DE922C89F}.Debug_Ubuntu|x86.ActiveCfg = Debug|Any CPU
		{B7175444-75C9-4579-87FC-706DE922C89F}.Debug_Ubuntu|x86.Build.0 = Debug|Any CPU
		{B7175444-75C9-4579-87FC-706DE922C89F}.Debug|Any CPU.ActiveCfg = Debug|Any CPU
		{B7175444-75C9-4579-87FC-706DE922C89F}.Debug|Any CPU.Build.0 = Debug|Any CPU
		{B7175444-75C9-4579-87FC-706DE922C89F}.Debug|ARM.ActiveCfg = Debug|Any CPU
		{B7175444-75C9-4579-87FC-706DE922C89F}.Debug|ARM.Build.0 = Debug|Any CPU
		{B7175444-75C9-4579-87FC-706DE922C89F}.Debug|x64.ActiveCfg = Debug|Any CPU
		{B7175444-75C9-4579-87FC-706DE922C89F}.Debug|x64.Build.0 = Debug|Any CPU
		{B7175444-75C9-4579-87FC-706DE922C89F}.Debug|x86.ActiveCfg = Debug|Any CPU
		{B7175444-75C9-4579-87FC-706DE922C89F}.Debug|x86.Build.0 = Debug|Any CPU
		{B7175444-75C9-4579-87FC-706DE922C89F}.Release_Ubuntu|Any CPU.ActiveCfg = Release|Any CPU
		{B7175444-75C9-4579-87FC-706DE922C89F}.Release_Ubuntu|Any CPU.Build.0 = Release|Any CPU
		{B7175444-75C9-4579-87FC-706DE922C89F}.Release_Ubuntu|ARM.ActiveCfg = Release|Any CPU
		{B7175444-75C9-4579-87FC-706DE922C89F}.Release_Ubuntu|ARM.Build.0 = Release|Any CPU
		{B7175444-75C9-4579-87FC-706DE922C89F}.Release_Ubuntu|x64.ActiveCfg = Release|Any CPU
		{B7175444-75C9-4579-87FC-706DE922C89F}.Release_Ubuntu|x64.Build.0 = Release|Any CPU
		{B7175444-75C9-4579-87FC-706DE922C89F}.Release_Ubuntu|x86.ActiveCfg = Release|Any CPU
		{B7175444-75C9-4579-87FC-706DE922C89F}.Release_Ubuntu|x86.Build.0 = Release|Any CPU
		{B7175444-75C9-4579-87FC-706DE922C89F}.Release|Any CPU.ActiveCfg = Release|Any CPU
		{B7175444-75C9-4579-87FC-706DE922C89F}.Release|Any CPU.Build.0 = Release|Any CPU
		{B7175444-75C9-4579-87FC-706DE922C89F}.Release|ARM.ActiveCfg = Release|Any CPU
		{B7175444-75C9-4579-87FC-706DE922C89F}.Release|ARM.Build.0 = Release|Any CPU
		{B7175444-75C9-4579-87FC-706DE922C89F}.Release|x64.ActiveCfg = Release|Any CPU
		{B7175444-75C9-4579-87FC-706DE922C89F}.Release|x64.Build.0 = Release|Any CPU
		{B7175444-75C9-4579-87FC-706DE922C89F}.Release|x86.ActiveCfg = Release|Any CPU
		{B7175444-75C9-4579-87FC-706DE922C89F}.Release|x86.Build.0 = Release|Any CPU
		{B7896312-0281-4255-B8F3-1056E053FA3C}.Debug_Ubuntu|Any CPU.ActiveCfg = Debug|Any CPU
		{B7896312-0281-4255-B8F3-1056E053FA3C}.Debug_Ubuntu|Any CPU.Build.0 = Debug|Any CPU
		{B7896312-0281-4255-B8F3-1056E053FA3C}.Debug_Ubuntu|ARM.ActiveCfg = Debug|Any CPU
		{B7896312-0281-4255-B8F3-1056E053FA3C}.Debug_Ubuntu|ARM.Build.0 = Debug|Any CPU
		{B7896312-0281-4255-B8F3-1056E053FA3C}.Debug_Ubuntu|x64.ActiveCfg = Debug|Any CPU
		{B7896312-0281-4255-B8F3-1056E053FA3C}.Debug_Ubuntu|x64.Build.0 = Debug|Any CPU
		{B7896312-0281-4255-B8F3-1056E053FA3C}.Debug_Ubuntu|x86.ActiveCfg = Debug|Any CPU
		{B7896312-0281-4255-B8F3-1056E053FA3C}.Debug_Ubuntu|x86.Build.0 = Debug|Any CPU
		{B7896312-0281-4255-B8F3-1056E053FA3C}.Debug|Any CPU.ActiveCfg = Debug|Any CPU
		{B7896312-0281-4255-B8F3-1056E053FA3C}.Debug|Any CPU.Build.0 = Debug|Any CPU
		{B7896312-0281-4255-B8F3-1056E053FA3C}.Debug|ARM.ActiveCfg = Debug|Any CPU
		{B7896312-0281-4255-B8F3-1056E053FA3C}.Debug|ARM.Build.0 = Debug|Any CPU
		{B7896312-0281-4255-B8F3-1056E053FA3C}.Debug|x64.ActiveCfg = Debug|Any CPU
		{B7896312-0281-4255-B8F3-1056E053FA3C}.Debug|x64.Build.0 = Debug|Any CPU
		{B7896312-0281-4255-B8F3-1056E053FA3C}.Debug|x86.ActiveCfg = Debug|Any CPU
		{B7896312-0281-4255-B8F3-1056E053FA3C}.Debug|x86.Build.0 = Debug|Any CPU
		{B7896312-0281-4255-B8F3-1056E053FA3C}.Release_Ubuntu|Any CPU.ActiveCfg = Release|Any CPU
		{B7896312-0281-4255-B8F3-1056E053FA3C}.Release_Ubuntu|Any CPU.Build.0 = Release|Any CPU
		{B7896312-0281-4255-B8F3-1056E053FA3C}.Release_Ubuntu|ARM.ActiveCfg = Release|Any CPU
		{B7896312-0281-4255-B8F3-1056E053FA3C}.Release_Ubuntu|ARM.Build.0 = Release|Any CPU
		{B7896312-0281-4255-B8F3-1056E053FA3C}.Release_Ubuntu|x64.ActiveCfg = Release|Any CPU
		{B7896312-0281-4255-B8F3-1056E053FA3C}.Release_Ubuntu|x64.Build.0 = Release|Any CPU
		{B7896312-0281-4255-B8F3-1056E053FA3C}.Release_Ubuntu|x86.ActiveCfg = Release|Any CPU
		{B7896312-0281-4255-B8F3-1056E053FA3C}.Release_Ubuntu|x86.Build.0 = Release|Any CPU
		{B7896312-0281-4255-B8F3-1056E053FA3C}.Release|Any CPU.ActiveCfg = Release|Any CPU
		{B7896312-0281-4255-B8F3-1056E053FA3C}.Release|Any CPU.Build.0 = Release|Any CPU
		{B7896312-0281-4255-B8F3-1056E053FA3C}.Release|ARM.ActiveCfg = Release|Any CPU
		{B7896312-0281-4255-B8F3-1056E053FA3C}.Release|ARM.Build.0 = Release|Any CPU
		{B7896312-0281-4255-B8F3-1056E053FA3C}.Release|x64.ActiveCfg = Release|Any CPU
		{B7896312-0281-4255-B8F3-1056E053FA3C}.Release|x64.Build.0 = Release|Any CPU
		{B7896312-0281-4255-B8F3-1056E053FA3C}.Release|x86.ActiveCfg = Release|Any CPU
		{B7896312-0281-4255-B8F3-1056E053FA3C}.Release|x86.Build.0 = Release|Any CPU
		{115A3A3E-95CD-45AE-BE11-7ECC218FB91E}.Debug_Ubuntu|Any CPU.ActiveCfg = Debug|Any CPU
		{115A3A3E-95CD-45AE-BE11-7ECC218FB91E}.Debug_Ubuntu|Any CPU.Build.0 = Debug|Any CPU
		{115A3A3E-95CD-45AE-BE11-7ECC218FB91E}.Debug_Ubuntu|ARM.ActiveCfg = Debug|Any CPU
		{115A3A3E-95CD-45AE-BE11-7ECC218FB91E}.Debug_Ubuntu|ARM.Build.0 = Debug|Any CPU
		{115A3A3E-95CD-45AE-BE11-7ECC218FB91E}.Debug_Ubuntu|x64.ActiveCfg = Debug|Any CPU
		{115A3A3E-95CD-45AE-BE11-7ECC218FB91E}.Debug_Ubuntu|x64.Build.0 = Debug|Any CPU
		{115A3A3E-95CD-45AE-BE11-7ECC218FB91E}.Debug_Ubuntu|x86.ActiveCfg = Debug|Any CPU
		{115A3A3E-95CD-45AE-BE11-7ECC218FB91E}.Debug_Ubuntu|x86.Build.0 = Debug|Any CPU
		{115A3A3E-95CD-45AE-BE11-7ECC218FB91E}.Debug|Any CPU.ActiveCfg = Debug|Any CPU
		{115A3A3E-95CD-45AE-BE11-7ECC218FB91E}.Debug|Any CPU.Build.0 = Debug|Any CPU
		{115A3A3E-95CD-45AE-BE11-7ECC218FB91E}.Debug|ARM.ActiveCfg = Debug|Any CPU
		{115A3A3E-95CD-45AE-BE11-7ECC218FB91E}.Debug|ARM.Build.0 = Debug|Any CPU
		{115A3A3E-95CD-45AE-BE11-7ECC218FB91E}.Debug|x64.ActiveCfg = Debug|Any CPU
		{115A3A3E-95CD-45AE-BE11-7ECC218FB91E}.Debug|x64.Build.0 = Debug|Any CPU
		{115A3A3E-95CD-45AE-BE11-7ECC218FB91E}.Debug|x86.ActiveCfg = Debug|Any CPU
		{115A3A3E-95CD-45AE-BE11-7ECC218FB91E}.Debug|x86.Build.0 = Debug|Any CPU
		{115A3A3E-95CD-45AE-BE11-7ECC218FB91E}.Release_Ubuntu|Any CPU.ActiveCfg = Release|Any CPU
		{115A3A3E-95CD-45AE-BE11-7ECC218FB91E}.Release_Ubuntu|Any CPU.Build.0 = Release|Any CPU
		{115A3A3E-95CD-45AE-BE11-7ECC218FB91E}.Release_Ubuntu|ARM.ActiveCfg = Release|Any CPU
		{115A3A3E-95CD-45AE-BE11-7ECC218FB91E}.Release_Ubuntu|ARM.Build.0 = Release|Any CPU
		{115A3A3E-95CD-45AE-BE11-7ECC218FB91E}.Release_Ubuntu|x64.ActiveCfg = Release|Any CPU
		{115A3A3E-95CD-45AE-BE11-7ECC218FB91E}.Release_Ubuntu|x64.Build.0 = Release|Any CPU
		{115A3A3E-95CD-45AE-BE11-7ECC218FB91E}.Release_Ubuntu|x86.ActiveCfg = Release|Any CPU
		{115A3A3E-95CD-45AE-BE11-7ECC218FB91E}.Release_Ubuntu|x86.Build.0 = Release|Any CPU
		{115A3A3E-95CD-45AE-BE11-7ECC218FB91E}.Release|Any CPU.ActiveCfg = Release|Any CPU
		{115A3A3E-95CD-45AE-BE11-7ECC218FB91E}.Release|Any CPU.Build.0 = Release|Any CPU
		{115A3A3E-95CD-45AE-BE11-7ECC218FB91E}.Release|ARM.ActiveCfg = Release|Any CPU
		{115A3A3E-95CD-45AE-BE11-7ECC218FB91E}.Release|ARM.Build.0 = Release|Any CPU
		{115A3A3E-95CD-45AE-BE11-7ECC218FB91E}.Release|x64.ActiveCfg = Release|Any CPU
		{115A3A3E-95CD-45AE-BE11-7ECC218FB91E}.Release|x64.Build.0 = Release|Any CPU
		{115A3A3E-95CD-45AE-BE11-7ECC218FB91E}.Release|x86.ActiveCfg = Release|Any CPU
		{115A3A3E-95CD-45AE-BE11-7ECC218FB91E}.Release|x86.Build.0 = Release|Any CPU
		{461BD293-FE4E-4EE0-ACA1-CD638A64B0EB}.Debug_Ubuntu|Any CPU.ActiveCfg = Debug|Any CPU
		{461BD293-FE4E-4EE0-ACA1-CD638A64B0EB}.Debug_Ubuntu|Any CPU.Build.0 = Debug|Any CPU
		{461BD293-FE4E-4EE0-ACA1-CD638A64B0EB}.Debug_Ubuntu|ARM.ActiveCfg = Debug|Any CPU
		{461BD293-FE4E-4EE0-ACA1-CD638A64B0EB}.Debug_Ubuntu|ARM.Build.0 = Debug|Any CPU
		{461BD293-FE4E-4EE0-ACA1-CD638A64B0EB}.Debug_Ubuntu|x64.ActiveCfg = Debug|Any CPU
		{461BD293-FE4E-4EE0-ACA1-CD638A64B0EB}.Debug_Ubuntu|x64.Build.0 = Debug|Any CPU
		{461BD293-FE4E-4EE0-ACA1-CD638A64B0EB}.Debug_Ubuntu|x86.ActiveCfg = Debug|Any CPU
		{461BD293-FE4E-4EE0-ACA1-CD638A64B0EB}.Debug_Ubuntu|x86.Build.0 = Debug|Any CPU
		{461BD293-FE4E-4EE0-ACA1-CD638A64B0EB}.Debug|Any CPU.ActiveCfg = Debug|Any CPU
		{461BD293-FE4E-4EE0-ACA1-CD638A64B0EB}.Debug|Any CPU.Build.0 = Debug|Any CPU
		{461BD293-FE4E-4EE0-ACA1-CD638A64B0EB}.Debug|ARM.ActiveCfg = Debug|Any CPU
		{461BD293-FE4E-4EE0-ACA1-CD638A64B0EB}.Debug|ARM.Build.0 = Debug|Any CPU
		{461BD293-FE4E-4EE0-ACA1-CD638A64B0EB}.Debug|x64.ActiveCfg = Debug|Any CPU
		{461BD293-FE4E-4EE0-ACA1-CD638A64B0EB}.Debug|x64.Build.0 = Debug|Any CPU
		{461BD293-FE4E-4EE0-ACA1-CD638A64B0EB}.Debug|x86.ActiveCfg = Debug|Any CPU
		{461BD293-FE4E-4EE0-ACA1-CD638A64B0EB}.Debug|x86.Build.0 = Debug|Any CPU
		{461BD293-FE4E-4EE0-ACA1-CD638A64B0EB}.Release_Ubuntu|Any CPU.ActiveCfg = Release|Any CPU
		{461BD293-FE4E-4EE0-ACA1-CD638A64B0EB}.Release_Ubuntu|Any CPU.Build.0 = Release|Any CPU
		{461BD293-FE4E-4EE0-ACA1-CD638A64B0EB}.Release_Ubuntu|ARM.ActiveCfg = Release|Any CPU
		{461BD293-FE4E-4EE0-ACA1-CD638A64B0EB}.Release_Ubuntu|ARM.Build.0 = Release|Any CPU
		{461BD293-FE4E-4EE0-ACA1-CD638A64B0EB}.Release_Ubuntu|x64.ActiveCfg = Release|Any CPU
		{461BD293-FE4E-4EE0-ACA1-CD638A64B0EB}.Release_Ubuntu|x64.Build.0 = Release|Any CPU
		{461BD293-FE4E-4EE0-ACA1-CD638A64B0EB}.Release_Ubuntu|x86.ActiveCfg = Release|Any CPU
		{461BD293-FE4E-4EE0-ACA1-CD638A64B0EB}.Release_Ubuntu|x86.Build.0 = Release|Any CPU
		{461BD293-FE4E-4EE0-ACA1-CD638A64B0EB}.Release|Any CPU.ActiveCfg = Release|Any CPU
		{461BD293-FE4E-4EE0-ACA1-CD638A64B0EB}.Release|Any CPU.Build.0 = Release|Any CPU
		{461BD293-FE4E-4EE0-ACA1-CD638A64B0EB}.Release|ARM.ActiveCfg = Release|Any CPU
		{461BD293-FE4E-4EE0-ACA1-CD638A64B0EB}.Release|ARM.Build.0 = Release|Any CPU
		{461BD293-FE4E-4EE0-ACA1-CD638A64B0EB}.Release|x64.ActiveCfg = Release|Any CPU
		{461BD293-FE4E-4EE0-ACA1-CD638A64B0EB}.Release|x64.Build.0 = Release|Any CPU
		{461BD293-FE4E-4EE0-ACA1-CD638A64B0EB}.Release|x86.ActiveCfg = Release|Any CPU
		{461BD293-FE4E-4EE0-ACA1-CD638A64B0EB}.Release|x86.Build.0 = Release|Any CPU
		{46D69BAD-6E11-4AEE-A242-5335AE3FFC7A}.Debug_Ubuntu|Any CPU.ActiveCfg = Debug|Any CPU
		{46D69BAD-6E11-4AEE-A242-5335AE3FFC7A}.Debug_Ubuntu|Any CPU.Build.0 = Debug|Any CPU
		{46D69BAD-6E11-4AEE-A242-5335AE3FFC7A}.Debug_Ubuntu|ARM.ActiveCfg = Debug|Any CPU
		{46D69BAD-6E11-4AEE-A242-5335AE3FFC7A}.Debug_Ubuntu|ARM.Build.0 = Debug|Any CPU
		{46D69BAD-6E11-4AEE-A242-5335AE3FFC7A}.Debug_Ubuntu|x64.ActiveCfg = Debug|Any CPU
		{46D69BAD-6E11-4AEE-A242-5335AE3FFC7A}.Debug_Ubuntu|x64.Build.0 = Debug|Any CPU
		{46D69BAD-6E11-4AEE-A242-5335AE3FFC7A}.Debug_Ubuntu|x86.ActiveCfg = Debug|Any CPU
		{46D69BAD-6E11-4AEE-A242-5335AE3FFC7A}.Debug_Ubuntu|x86.Build.0 = Debug|Any CPU
		{46D69BAD-6E11-4AEE-A242-5335AE3FFC7A}.Debug|Any CPU.ActiveCfg = Debug|Any CPU
		{46D69BAD-6E11-4AEE-A242-5335AE3FFC7A}.Debug|Any CPU.Build.0 = Debug|Any CPU
		{46D69BAD-6E11-4AEE-A242-5335AE3FFC7A}.Debug|ARM.ActiveCfg = Debug|Any CPU
		{46D69BAD-6E11-4AEE-A242-5335AE3FFC7A}.Debug|ARM.Build.0 = Debug|Any CPU
		{46D69BAD-6E11-4AEE-A242-5335AE3FFC7A}.Debug|x64.ActiveCfg = Debug|Any CPU
		{46D69BAD-6E11-4AEE-A242-5335AE3FFC7A}.Debug|x64.Build.0 = Debug|Any CPU
		{46D69BAD-6E11-4AEE-A242-5335AE3FFC7A}.Debug|x86.ActiveCfg = Debug|Any CPU
		{46D69BAD-6E11-4AEE-A242-5335AE3FFC7A}.Debug|x86.Build.0 = Debug|Any CPU
		{46D69BAD-6E11-4AEE-A242-5335AE3FFC7A}.Release_Ubuntu|Any CPU.ActiveCfg = Release|Any CPU
		{46D69BAD-6E11-4AEE-A242-5335AE3FFC7A}.Release_Ubuntu|Any CPU.Build.0 = Release|Any CPU
		{46D69BAD-6E11-4AEE-A242-5335AE3FFC7A}.Release_Ubuntu|ARM.ActiveCfg = Release|Any CPU
		{46D69BAD-6E11-4AEE-A242-5335AE3FFC7A}.Release_Ubuntu|ARM.Build.0 = Release|Any CPU
		{46D69BAD-6E11-4AEE-A242-5335AE3FFC7A}.Release_Ubuntu|x64.ActiveCfg = Release|Any CPU
		{46D69BAD-6E11-4AEE-A242-5335AE3FFC7A}.Release_Ubuntu|x64.Build.0 = Release|Any CPU
		{46D69BAD-6E11-4AEE-A242-5335AE3FFC7A}.Release_Ubuntu|x86.ActiveCfg = Release|Any CPU
		{46D69BAD-6E11-4AEE-A242-5335AE3FFC7A}.Release_Ubuntu|x86.Build.0 = Release|Any CPU
		{46D69BAD-6E11-4AEE-A242-5335AE3FFC7A}.Release|Any CPU.ActiveCfg = Release|Any CPU
		{46D69BAD-6E11-4AEE-A242-5335AE3FFC7A}.Release|Any CPU.Build.0 = Release|Any CPU
		{46D69BAD-6E11-4AEE-A242-5335AE3FFC7A}.Release|ARM.ActiveCfg = Release|Any CPU
		{46D69BAD-6E11-4AEE-A242-5335AE3FFC7A}.Release|ARM.Build.0 = Release|Any CPU
		{46D69BAD-6E11-4AEE-A242-5335AE3FFC7A}.Release|x64.ActiveCfg = Release|Any CPU
		{46D69BAD-6E11-4AEE-A242-5335AE3FFC7A}.Release|x64.Build.0 = Release|Any CPU
		{46D69BAD-6E11-4AEE-A242-5335AE3FFC7A}.Release|x86.ActiveCfg = Release|Any CPU
		{46D69BAD-6E11-4AEE-A242-5335AE3FFC7A}.Release|x86.Build.0 = Release|Any CPU
		{DFDC0E22-4E95-447B-9DE2-EF4139CDEDC1}.Debug_Ubuntu|Any CPU.ActiveCfg = Debug|Any CPU
		{DFDC0E22-4E95-447B-9DE2-EF4139CDEDC1}.Debug_Ubuntu|Any CPU.Build.0 = Debug|Any CPU
		{DFDC0E22-4E95-447B-9DE2-EF4139CDEDC1}.Debug_Ubuntu|ARM.ActiveCfg = Debug|Any CPU
		{DFDC0E22-4E95-447B-9DE2-EF4139CDEDC1}.Debug_Ubuntu|ARM.Build.0 = Debug|Any CPU
		{DFDC0E22-4E95-447B-9DE2-EF4139CDEDC1}.Debug_Ubuntu|x64.ActiveCfg = Debug|Any CPU
		{DFDC0E22-4E95-447B-9DE2-EF4139CDEDC1}.Debug_Ubuntu|x64.Build.0 = Debug|Any CPU
		{DFDC0E22-4E95-447B-9DE2-EF4139CDEDC1}.Debug_Ubuntu|x86.ActiveCfg = Debug|Any CPU
		{DFDC0E22-4E95-447B-9DE2-EF4139CDEDC1}.Debug_Ubuntu|x86.Build.0 = Debug|Any CPU
		{DFDC0E22-4E95-447B-9DE2-EF4139CDEDC1}.Debug|Any CPU.ActiveCfg = Debug|Any CPU
		{DFDC0E22-4E95-447B-9DE2-EF4139CDEDC1}.Debug|Any CPU.Build.0 = Debug|Any CPU
		{DFDC0E22-4E95-447B-9DE2-EF4139CDEDC1}.Debug|ARM.ActiveCfg = Debug|Any CPU
		{DFDC0E22-4E95-447B-9DE2-EF4139CDEDC1}.Debug|ARM.Build.0 = Debug|Any CPU
		{DFDC0E22-4E95-447B-9DE2-EF4139CDEDC1}.Debug|x64.ActiveCfg = Debug|Any CPU
		{DFDC0E22-4E95-447B-9DE2-EF4139CDEDC1}.Debug|x64.Build.0 = Debug|Any CPU
		{DFDC0E22-4E95-447B-9DE2-EF4139CDEDC1}.Debug|x86.ActiveCfg = Debug|Any CPU
		{DFDC0E22-4E95-447B-9DE2-EF4139CDEDC1}.Debug|x86.Build.0 = Debug|Any CPU
		{DFDC0E22-4E95-447B-9DE2-EF4139CDEDC1}.Release_Ubuntu|Any CPU.ActiveCfg = Release|Any CPU
		{DFDC0E22-4E95-447B-9DE2-EF4139CDEDC1}.Release_Ubuntu|Any CPU.Build.0 = Release|Any CPU
		{DFDC0E22-4E95-447B-9DE2-EF4139CDEDC1}.Release_Ubuntu|ARM.ActiveCfg = Release|Any CPU
		{DFDC0E22-4E95-447B-9DE2-EF4139CDEDC1}.Release_Ubuntu|ARM.Build.0 = Release|Any CPU
		{DFDC0E22-4E95-447B-9DE2-EF4139CDEDC1}.Release_Ubuntu|x64.ActiveCfg = Release|Any CPU
		{DFDC0E22-4E95-447B-9DE2-EF4139CDEDC1}.Release_Ubuntu|x64.Build.0 = Release|Any CPU
		{DFDC0E22-4E95-447B-9DE2-EF4139CDEDC1}.Release_Ubuntu|x86.ActiveCfg = Release|Any CPU
		{DFDC0E22-4E95-447B-9DE2-EF4139CDEDC1}.Release_Ubuntu|x86.Build.0 = Release|Any CPU
		{DFDC0E22-4E95-447B-9DE2-EF4139CDEDC1}.Release|Any CPU.ActiveCfg = Release|Any CPU
		{DFDC0E22-4E95-447B-9DE2-EF4139CDEDC1}.Release|Any CPU.Build.0 = Release|Any CPU
		{DFDC0E22-4E95-447B-9DE2-EF4139CDEDC1}.Release|ARM.ActiveCfg = Release|Any CPU
		{DFDC0E22-4E95-447B-9DE2-EF4139CDEDC1}.Release|ARM.Build.0 = Release|Any CPU
		{DFDC0E22-4E95-447B-9DE2-EF4139CDEDC1}.Release|x64.ActiveCfg = Release|Any CPU
		{DFDC0E22-4E95-447B-9DE2-EF4139CDEDC1}.Release|x64.Build.0 = Release|Any CPU
		{DFDC0E22-4E95-447B-9DE2-EF4139CDEDC1}.Release|x86.ActiveCfg = Release|Any CPU
		{DFDC0E22-4E95-447B-9DE2-EF4139CDEDC1}.Release|x86.Build.0 = Release|Any CPU
		{334EAAC4-1DCA-4440-BB6E-EF64084BFF65}.Debug_Ubuntu|Any CPU.ActiveCfg = Debug|Any CPU
		{334EAAC4-1DCA-4440-BB6E-EF64084BFF65}.Debug_Ubuntu|Any CPU.Build.0 = Debug|Any CPU
		{334EAAC4-1DCA-4440-BB6E-EF64084BFF65}.Debug_Ubuntu|ARM.ActiveCfg = Debug|Any CPU
		{334EAAC4-1DCA-4440-BB6E-EF64084BFF65}.Debug_Ubuntu|ARM.Build.0 = Debug|Any CPU
		{334EAAC4-1DCA-4440-BB6E-EF64084BFF65}.Debug_Ubuntu|x64.ActiveCfg = Debug|Any CPU
		{334EAAC4-1DCA-4440-BB6E-EF64084BFF65}.Debug_Ubuntu|x64.Build.0 = Debug|Any CPU
		{334EAAC4-1DCA-4440-BB6E-EF64084BFF65}.Debug_Ubuntu|x86.ActiveCfg = Debug|Any CPU
		{334EAAC4-1DCA-4440-BB6E-EF64084BFF65}.Debug_Ubuntu|x86.Build.0 = Debug|Any CPU
		{334EAAC4-1DCA-4440-BB6E-EF64084BFF65}.Debug|Any CPU.ActiveCfg = Debug|Any CPU
		{334EAAC4-1DCA-4440-BB6E-EF64084BFF65}.Debug|Any CPU.Build.0 = Debug|Any CPU
		{334EAAC4-1DCA-4440-BB6E-EF64084BFF65}.Debug|ARM.ActiveCfg = Debug|Any CPU
		{334EAAC4-1DCA-4440-BB6E-EF64084BFF65}.Debug|ARM.Build.0 = Debug|Any CPU
		{334EAAC4-1DCA-4440-BB6E-EF64084BFF65}.Debug|x64.ActiveCfg = Debug|Any CPU
		{334EAAC4-1DCA-4440-BB6E-EF64084BFF65}.Debug|x64.Build.0 = Debug|Any CPU
		{334EAAC4-1DCA-4440-BB6E-EF64084BFF65}.Debug|x86.ActiveCfg = Debug|Any CPU
		{334EAAC4-1DCA-4440-BB6E-EF64084BFF65}.Debug|x86.Build.0 = Debug|Any CPU
		{334EAAC4-1DCA-4440-BB6E-EF64084BFF65}.Release_Ubuntu|Any CPU.ActiveCfg = Release|Any CPU
		{334EAAC4-1DCA-4440-BB6E-EF64084BFF65}.Release_Ubuntu|Any CPU.Build.0 = Release|Any CPU
		{334EAAC4-1DCA-4440-BB6E-EF64084BFF65}.Release_Ubuntu|ARM.ActiveCfg = Release|Any CPU
		{334EAAC4-1DCA-4440-BB6E-EF64084BFF65}.Release_Ubuntu|ARM.Build.0 = Release|Any CPU
		{334EAAC4-1DCA-4440-BB6E-EF64084BFF65}.Release_Ubuntu|x64.ActiveCfg = Release|Any CPU
		{334EAAC4-1DCA-4440-BB6E-EF64084BFF65}.Release_Ubuntu|x64.Build.0 = Release|Any CPU
		{334EAAC4-1DCA-4440-BB6E-EF64084BFF65}.Release_Ubuntu|x86.ActiveCfg = Release|Any CPU
		{334EAAC4-1DCA-4440-BB6E-EF64084BFF65}.Release_Ubuntu|x86.Build.0 = Release|Any CPU
		{334EAAC4-1DCA-4440-BB6E-EF64084BFF65}.Release|Any CPU.ActiveCfg = Release|Any CPU
		{334EAAC4-1DCA-4440-BB6E-EF64084BFF65}.Release|Any CPU.Build.0 = Release|Any CPU
		{334EAAC4-1DCA-4440-BB6E-EF64084BFF65}.Release|ARM.ActiveCfg = Release|Any CPU
		{334EAAC4-1DCA-4440-BB6E-EF64084BFF65}.Release|ARM.Build.0 = Release|Any CPU
		{334EAAC4-1DCA-4440-BB6E-EF64084BFF65}.Release|x64.ActiveCfg = Release|Any CPU
		{334EAAC4-1DCA-4440-BB6E-EF64084BFF65}.Release|x64.Build.0 = Release|Any CPU
		{334EAAC4-1DCA-4440-BB6E-EF64084BFF65}.Release|x86.ActiveCfg = Release|Any CPU
		{334EAAC4-1DCA-4440-BB6E-EF64084BFF65}.Release|x86.Build.0 = Release|Any CPU
		{9EE2B6B1-3A4C-42E5-B324-BF892DDC9BAC}.Debug_Ubuntu|Any CPU.ActiveCfg = Debug|Any CPU
		{9EE2B6B1-3A4C-42E5-B324-BF892DDC9BAC}.Debug_Ubuntu|Any CPU.Build.0 = Debug|Any CPU
		{9EE2B6B1-3A4C-42E5-B324-BF892DDC9BAC}.Debug_Ubuntu|ARM.ActiveCfg = Debug|Any CPU
		{9EE2B6B1-3A4C-42E5-B324-BF892DDC9BAC}.Debug_Ubuntu|ARM.Build.0 = Debug|Any CPU
		{9EE2B6B1-3A4C-42E5-B324-BF892DDC9BAC}.Debug_Ubuntu|x64.ActiveCfg = Debug|Any CPU
		{9EE2B6B1-3A4C-42E5-B324-BF892DDC9BAC}.Debug_Ubuntu|x64.Build.0 = Debug|Any CPU
		{9EE2B6B1-3A4C-42E5-B324-BF892DDC9BAC}.Debug_Ubuntu|x86.ActiveCfg = Debug|Any CPU
		{9EE2B6B1-3A4C-42E5-B324-BF892DDC9BAC}.Debug_Ubuntu|x86.Build.0 = Debug|Any CPU
		{9EE2B6B1-3A4C-42E5-B324-BF892DDC9BAC}.Debug|Any CPU.ActiveCfg = Debug|Any CPU
		{9EE2B6B1-3A4C-42E5-B324-BF892DDC9BAC}.Debug|Any CPU.Build.0 = Debug|Any CPU
		{9EE2B6B1-3A4C-42E5-B324-BF892DDC9BAC}.Debug|ARM.ActiveCfg = Debug|Any CPU
		{9EE2B6B1-3A4C-42E5-B324-BF892DDC9BAC}.Debug|ARM.Build.0 = Debug|Any CPU
		{9EE2B6B1-3A4C-42E5-B324-BF892DDC9BAC}.Debug|x64.ActiveCfg = Debug|Any CPU
		{9EE2B6B1-3A4C-42E5-B324-BF892DDC9BAC}.Debug|x64.Build.0 = Debug|Any CPU
		{9EE2B6B1-3A4C-42E5-B324-BF892DDC9BAC}.Debug|x86.ActiveCfg = Debug|Any CPU
		{9EE2B6B1-3A4C-42E5-B324-BF892DDC9BAC}.Debug|x86.Build.0 = Debug|Any CPU
		{9EE2B6B1-3A4C-42E5-B324-BF892DDC9BAC}.Release_Ubuntu|Any CPU.ActiveCfg = Release|Any CPU
		{9EE2B6B1-3A4C-42E5-B324-BF892DDC9BAC}.Release_Ubuntu|Any CPU.Build.0 = Release|Any CPU
		{9EE2B6B1-3A4C-42E5-B324-BF892DDC9BAC}.Release_Ubuntu|ARM.ActiveCfg = Release|Any CPU
		{9EE2B6B1-3A4C-42E5-B324-BF892DDC9BAC}.Release_Ubuntu|ARM.Build.0 = Release|Any CPU
		{9EE2B6B1-3A4C-42E5-B324-BF892DDC9BAC}.Release_Ubuntu|x64.ActiveCfg = Release|Any CPU
		{9EE2B6B1-3A4C-42E5-B324-BF892DDC9BAC}.Release_Ubuntu|x64.Build.0 = Release|Any CPU
		{9EE2B6B1-3A4C-42E5-B324-BF892DDC9BAC}.Release_Ubuntu|x86.ActiveCfg = Release|Any CPU
		{9EE2B6B1-3A4C-42E5-B324-BF892DDC9BAC}.Release_Ubuntu|x86.Build.0 = Release|Any CPU
		{9EE2B6B1-3A4C-42E5-B324-BF892DDC9BAC}.Release|Any CPU.ActiveCfg = Release|Any CPU
		{9EE2B6B1-3A4C-42E5-B324-BF892DDC9BAC}.Release|Any CPU.Build.0 = Release|Any CPU
		{9EE2B6B1-3A4C-42E5-B324-BF892DDC9BAC}.Release|ARM.ActiveCfg = Release|Any CPU
		{9EE2B6B1-3A4C-42E5-B324-BF892DDC9BAC}.Release|ARM.Build.0 = Release|Any CPU
		{9EE2B6B1-3A4C-42E5-B324-BF892DDC9BAC}.Release|x64.ActiveCfg = Release|Any CPU
		{9EE2B6B1-3A4C-42E5-B324-BF892DDC9BAC}.Release|x64.Build.0 = Release|Any CPU
		{9EE2B6B1-3A4C-42E5-B324-BF892DDC9BAC}.Release|x86.ActiveCfg = Release|Any CPU
		{9EE2B6B1-3A4C-42E5-B324-BF892DDC9BAC}.Release|x86.Build.0 = Release|Any CPU
		{DE2E0581-3B35-44BC-A408-F3F480D70F18}.Debug_Ubuntu|Any CPU.ActiveCfg = Debug|Any CPU
		{DE2E0581-3B35-44BC-A408-F3F480D70F18}.Debug_Ubuntu|Any CPU.Build.0 = Debug|Any CPU
		{DE2E0581-3B35-44BC-A408-F3F480D70F18}.Debug_Ubuntu|ARM.ActiveCfg = Debug|Any CPU
		{DE2E0581-3B35-44BC-A408-F3F480D70F18}.Debug_Ubuntu|ARM.Build.0 = Debug|Any CPU
		{DE2E0581-3B35-44BC-A408-F3F480D70F18}.Debug_Ubuntu|x64.ActiveCfg = Debug|Any CPU
		{DE2E0581-3B35-44BC-A408-F3F480D70F18}.Debug_Ubuntu|x64.Build.0 = Debug|Any CPU
		{DE2E0581-3B35-44BC-A408-F3F480D70F18}.Debug_Ubuntu|x86.ActiveCfg = Debug|Any CPU
		{DE2E0581-3B35-44BC-A408-F3F480D70F18}.Debug_Ubuntu|x86.Build.0 = Debug|Any CPU
		{DE2E0581-3B35-44BC-A408-F3F480D70F18}.Debug|Any CPU.ActiveCfg = Debug|Any CPU
		{DE2E0581-3B35-44BC-A408-F3F480D70F18}.Debug|Any CPU.Build.0 = Debug|Any CPU
		{DE2E0581-3B35-44BC-A408-F3F480D70F18}.Debug|ARM.ActiveCfg = Debug|Any CPU
		{DE2E0581-3B35-44BC-A408-F3F480D70F18}.Debug|ARM.Build.0 = Debug|Any CPU
		{DE2E0581-3B35-44BC-A408-F3F480D70F18}.Debug|x64.ActiveCfg = Debug|Any CPU
		{DE2E0581-3B35-44BC-A408-F3F480D70F18}.Debug|x64.Build.0 = Debug|Any CPU
		{DE2E0581-3B35-44BC-A408-F3F480D70F18}.Debug|x86.ActiveCfg = Debug|Any CPU
		{DE2E0581-3B35-44BC-A408-F3F480D70F18}.Debug|x86.Build.0 = Debug|Any CPU
		{DE2E0581-3B35-44BC-A408-F3F480D70F18}.Release_Ubuntu|Any CPU.ActiveCfg = Release|Any CPU
		{DE2E0581-3B35-44BC-A408-F3F480D70F18}.Release_Ubuntu|Any CPU.Build.0 = Release|Any CPU
		{DE2E0581-3B35-44BC-A408-F3F480D70F18}.Release_Ubuntu|ARM.ActiveCfg = Release|Any CPU
		{DE2E0581-3B35-44BC-A408-F3F480D70F18}.Release_Ubuntu|ARM.Build.0 = Release|Any CPU
		{DE2E0581-3B35-44BC-A408-F3F480D70F18}.Release_Ubuntu|x64.ActiveCfg = Release|Any CPU
		{DE2E0581-3B35-44BC-A408-F3F480D70F18}.Release_Ubuntu|x64.Build.0 = Release|Any CPU
		{DE2E0581-3B35-44BC-A408-F3F480D70F18}.Release_Ubuntu|x86.ActiveCfg = Release|Any CPU
		{DE2E0581-3B35-44BC-A408-F3F480D70F18}.Release_Ubuntu|x86.Build.0 = Release|Any CPU
		{DE2E0581-3B35-44BC-A408-F3F480D70F18}.Release|Any CPU.ActiveCfg = Release|Any CPU
		{DE2E0581-3B35-44BC-A408-F3F480D70F18}.Release|Any CPU.Build.0 = Release|Any CPU
		{DE2E0581-3B35-44BC-A408-F3F480D70F18}.Release|ARM.ActiveCfg = Release|Any CPU
		{DE2E0581-3B35-44BC-A408-F3F480D70F18}.Release|ARM.Build.0 = Release|Any CPU
		{DE2E0581-3B35-44BC-A408-F3F480D70F18}.Release|x64.ActiveCfg = Release|Any CPU
		{DE2E0581-3B35-44BC-A408-F3F480D70F18}.Release|x64.Build.0 = Release|Any CPU
		{DE2E0581-3B35-44BC-A408-F3F480D70F18}.Release|x86.ActiveCfg = Release|Any CPU
		{DE2E0581-3B35-44BC-A408-F3F480D70F18}.Release|x86.Build.0 = Release|Any CPU
		{9467AB27-02F2-4ECD-A621-38FE3F7B0A55}.Debug_Ubuntu|Any CPU.ActiveCfg = Debug|Any CPU
		{9467AB27-02F2-4ECD-A621-38FE3F7B0A55}.Debug_Ubuntu|Any CPU.Build.0 = Debug|Any CPU
		{9467AB27-02F2-4ECD-A621-38FE3F7B0A55}.Debug_Ubuntu|ARM.ActiveCfg = Debug|Any CPU
		{9467AB27-02F2-4ECD-A621-38FE3F7B0A55}.Debug_Ubuntu|ARM.Build.0 = Debug|Any CPU
		{9467AB27-02F2-4ECD-A621-38FE3F7B0A55}.Debug_Ubuntu|x64.ActiveCfg = Debug|Any CPU
		{9467AB27-02F2-4ECD-A621-38FE3F7B0A55}.Debug_Ubuntu|x64.Build.0 = Debug|Any CPU
		{9467AB27-02F2-4ECD-A621-38FE3F7B0A55}.Debug_Ubuntu|x86.ActiveCfg = Debug|Any CPU
		{9467AB27-02F2-4ECD-A621-38FE3F7B0A55}.Debug_Ubuntu|x86.Build.0 = Debug|Any CPU
		{9467AB27-02F2-4ECD-A621-38FE3F7B0A55}.Debug|Any CPU.ActiveCfg = Debug|Any CPU
		{9467AB27-02F2-4ECD-A621-38FE3F7B0A55}.Debug|Any CPU.Build.0 = Debug|Any CPU
		{9467AB27-02F2-4ECD-A621-38FE3F7B0A55}.Debug|ARM.ActiveCfg = Debug|Any CPU
		{9467AB27-02F2-4ECD-A621-38FE3F7B0A55}.Debug|ARM.Build.0 = Debug|Any CPU
		{9467AB27-02F2-4ECD-A621-38FE3F7B0A55}.Debug|x64.ActiveCfg = Debug|Any CPU
		{9467AB27-02F2-4ECD-A621-38FE3F7B0A55}.Debug|x64.Build.0 = Debug|Any CPU
		{9467AB27-02F2-4ECD-A621-38FE3F7B0A55}.Debug|x86.ActiveCfg = Debug|Any CPU
		{9467AB27-02F2-4ECD-A621-38FE3F7B0A55}.Debug|x86.Build.0 = Debug|Any CPU
		{9467AB27-02F2-4ECD-A621-38FE3F7B0A55}.Release_Ubuntu|Any CPU.ActiveCfg = Release|Any CPU
		{9467AB27-02F2-4ECD-A621-38FE3F7B0A55}.Release_Ubuntu|Any CPU.Build.0 = Release|Any CPU
		{9467AB27-02F2-4ECD-A621-38FE3F7B0A55}.Release_Ubuntu|ARM.ActiveCfg = Release|Any CPU
		{9467AB27-02F2-4ECD-A621-38FE3F7B0A55}.Release_Ubuntu|ARM.Build.0 = Release|Any CPU
		{9467AB27-02F2-4ECD-A621-38FE3F7B0A55}.Release_Ubuntu|x64.ActiveCfg = Release|Any CPU
		{9467AB27-02F2-4ECD-A621-38FE3F7B0A55}.Release_Ubuntu|x64.Build.0 = Release|Any CPU
		{9467AB27-02F2-4ECD-A621-38FE3F7B0A55}.Release_Ubuntu|x86.ActiveCfg = Release|Any CPU
		{9467AB27-02F2-4ECD-A621-38FE3F7B0A55}.Release_Ubuntu|x86.Build.0 = Release|Any CPU
		{9467AB27-02F2-4ECD-A621-38FE3F7B0A55}.Release|Any CPU.ActiveCfg = Release|Any CPU
		{9467AB27-02F2-4ECD-A621-38FE3F7B0A55}.Release|Any CPU.Build.0 = Release|Any CPU
		{9467AB27-02F2-4ECD-A621-38FE3F7B0A55}.Release|ARM.ActiveCfg = Release|Any CPU
		{9467AB27-02F2-4ECD-A621-38FE3F7B0A55}.Release|ARM.Build.0 = Release|Any CPU
		{9467AB27-02F2-4ECD-A621-38FE3F7B0A55}.Release|x64.ActiveCfg = Release|Any CPU
		{9467AB27-02F2-4ECD-A621-38FE3F7B0A55}.Release|x64.Build.0 = Release|Any CPU
		{9467AB27-02F2-4ECD-A621-38FE3F7B0A55}.Release|x86.ActiveCfg = Release|Any CPU
		{9467AB27-02F2-4ECD-A621-38FE3F7B0A55}.Release|x86.Build.0 = Release|Any CPU
		{F6CB73FA-AC0F-4E4C-9F10-B2230A249DC8}.Debug_Ubuntu|Any CPU.ActiveCfg = Debug|Any CPU
		{F6CB73FA-AC0F-4E4C-9F10-B2230A249DC8}.Debug_Ubuntu|Any CPU.Build.0 = Debug|Any CPU
		{F6CB73FA-AC0F-4E4C-9F10-B2230A249DC8}.Debug_Ubuntu|ARM.ActiveCfg = Debug|Any CPU
		{F6CB73FA-AC0F-4E4C-9F10-B2230A249DC8}.Debug_Ubuntu|ARM.Build.0 = Debug|Any CPU
		{F6CB73FA-AC0F-4E4C-9F10-B2230A249DC8}.Debug_Ubuntu|x64.ActiveCfg = Debug|Any CPU
		{F6CB73FA-AC0F-4E4C-9F10-B2230A249DC8}.Debug_Ubuntu|x64.Build.0 = Debug|Any CPU
		{F6CB73FA-AC0F-4E4C-9F10-B2230A249DC8}.Debug_Ubuntu|x86.ActiveCfg = Debug|Any CPU
		{F6CB73FA-AC0F-4E4C-9F10-B2230A249DC8}.Debug_Ubuntu|x86.Build.0 = Debug|Any CPU
		{F6CB73FA-AC0F-4E4C-9F10-B2230A249DC8}.Debug|Any CPU.ActiveCfg = Debug|Any CPU
		{F6CB73FA-AC0F-4E4C-9F10-B2230A249DC8}.Debug|Any CPU.Build.0 = Debug|Any CPU
		{F6CB73FA-AC0F-4E4C-9F10-B2230A249DC8}.Debug|ARM.ActiveCfg = Debug|Any CPU
		{F6CB73FA-AC0F-4E4C-9F10-B2230A249DC8}.Debug|ARM.Build.0 = Debug|Any CPU
		{F6CB73FA-AC0F-4E4C-9F10-B2230A249DC8}.Debug|x64.ActiveCfg = Debug|Any CPU
		{F6CB73FA-AC0F-4E4C-9F10-B2230A249DC8}.Debug|x64.Build.0 = Debug|Any CPU
		{F6CB73FA-AC0F-4E4C-9F10-B2230A249DC8}.Debug|x86.ActiveCfg = Debug|Any CPU
		{F6CB73FA-AC0F-4E4C-9F10-B2230A249DC8}.Debug|x86.Build.0 = Debug|Any CPU
		{F6CB73FA-AC0F-4E4C-9F10-B2230A249DC8}.Release_Ubuntu|Any CPU.ActiveCfg = Release|Any CPU
		{F6CB73FA-AC0F-4E4C-9F10-B2230A249DC8}.Release_Ubuntu|Any CPU.Build.0 = Release|Any CPU
		{F6CB73FA-AC0F-4E4C-9F10-B2230A249DC8}.Release_Ubuntu|ARM.ActiveCfg = Release|Any CPU
		{F6CB73FA-AC0F-4E4C-9F10-B2230A249DC8}.Release_Ubuntu|ARM.Build.0 = Release|Any CPU
		{F6CB73FA-AC0F-4E4C-9F10-B2230A249DC8}.Release_Ubuntu|x64.ActiveCfg = Release|Any CPU
		{F6CB73FA-AC0F-4E4C-9F10-B2230A249DC8}.Release_Ubuntu|x64.Build.0 = Release|Any CPU
		{F6CB73FA-AC0F-4E4C-9F10-B2230A249DC8}.Release_Ubuntu|x86.ActiveCfg = Release|Any CPU
		{F6CB73FA-AC0F-4E4C-9F10-B2230A249DC8}.Release_Ubuntu|x86.Build.0 = Release|Any CPU
		{F6CB73FA-AC0F-4E4C-9F10-B2230A249DC8}.Release|Any CPU.ActiveCfg = Release|Any CPU
		{F6CB73FA-AC0F-4E4C-9F10-B2230A249DC8}.Release|Any CPU.Build.0 = Release|Any CPU
		{F6CB73FA-AC0F-4E4C-9F10-B2230A249DC8}.Release|ARM.ActiveCfg = Release|Any CPU
		{F6CB73FA-AC0F-4E4C-9F10-B2230A249DC8}.Release|ARM.Build.0 = Release|Any CPU
		{F6CB73FA-AC0F-4E4C-9F10-B2230A249DC8}.Release|x64.ActiveCfg = Release|Any CPU
		{F6CB73FA-AC0F-4E4C-9F10-B2230A249DC8}.Release|x64.Build.0 = Release|Any CPU
		{F6CB73FA-AC0F-4E4C-9F10-B2230A249DC8}.Release|x86.ActiveCfg = Release|Any CPU
		{F6CB73FA-AC0F-4E4C-9F10-B2230A249DC8}.Release|x86.Build.0 = Release|Any CPU
		{26AEC3E4-35AE-41EE-AFA6-3ABE08B296D1}.Debug_Ubuntu|Any CPU.ActiveCfg = Debug|Any CPU
		{26AEC3E4-35AE-41EE-AFA6-3ABE08B296D1}.Debug_Ubuntu|Any CPU.Build.0 = Debug|Any CPU
		{26AEC3E4-35AE-41EE-AFA6-3ABE08B296D1}.Debug_Ubuntu|ARM.ActiveCfg = Debug|Any CPU
		{26AEC3E4-35AE-41EE-AFA6-3ABE08B296D1}.Debug_Ubuntu|ARM.Build.0 = Debug|Any CPU
		{26AEC3E4-35AE-41EE-AFA6-3ABE08B296D1}.Debug_Ubuntu|x64.ActiveCfg = Debug|Any CPU
		{26AEC3E4-35AE-41EE-AFA6-3ABE08B296D1}.Debug_Ubuntu|x64.Build.0 = Debug|Any CPU
		{26AEC3E4-35AE-41EE-AFA6-3ABE08B296D1}.Debug_Ubuntu|x86.ActiveCfg = Debug|Any CPU
		{26AEC3E4-35AE-41EE-AFA6-3ABE08B296D1}.Debug_Ubuntu|x86.Build.0 = Debug|Any CPU
		{26AEC3E4-35AE-41EE-AFA6-3ABE08B296D1}.Debug|Any CPU.ActiveCfg = Debug|Any CPU
		{26AEC3E4-35AE-41EE-AFA6-3ABE08B296D1}.Debug|Any CPU.Build.0 = Debug|Any CPU
		{26AEC3E4-35AE-41EE-AFA6-3ABE08B296D1}.Debug|ARM.ActiveCfg = Debug|Any CPU
		{26AEC3E4-35AE-41EE-AFA6-3ABE08B296D1}.Debug|ARM.Build.0 = Debug|Any CPU
		{26AEC3E4-35AE-41EE-AFA6-3ABE08B296D1}.Debug|x64.ActiveCfg = Debug|Any CPU
		{26AEC3E4-35AE-41EE-AFA6-3ABE08B296D1}.Debug|x64.Build.0 = Debug|Any CPU
		{26AEC3E4-35AE-41EE-AFA6-3ABE08B296D1}.Debug|x86.ActiveCfg = Debug|Any CPU
		{26AEC3E4-35AE-41EE-AFA6-3ABE08B296D1}.Debug|x86.Build.0 = Debug|Any CPU
		{26AEC3E4-35AE-41EE-AFA6-3ABE08B296D1}.Release_Ubuntu|Any CPU.ActiveCfg = Release|Any CPU
		{26AEC3E4-35AE-41EE-AFA6-3ABE08B296D1}.Release_Ubuntu|Any CPU.Build.0 = Release|Any CPU
		{26AEC3E4-35AE-41EE-AFA6-3ABE08B296D1}.Release_Ubuntu|ARM.ActiveCfg = Release|Any CPU
		{26AEC3E4-35AE-41EE-AFA6-3ABE08B296D1}.Release_Ubuntu|ARM.Build.0 = Release|Any CPU
		{26AEC3E4-35AE-41EE-AFA6-3ABE08B296D1}.Release_Ubuntu|x64.ActiveCfg = Release|Any CPU
		{26AEC3E4-35AE-41EE-AFA6-3ABE08B296D1}.Release_Ubuntu|x64.Build.0 = Release|Any CPU
		{26AEC3E4-35AE-41EE-AFA6-3ABE08B296D1}.Release_Ubuntu|x86.ActiveCfg = Release|Any CPU
		{26AEC3E4-35AE-41EE-AFA6-3ABE08B296D1}.Release_Ubuntu|x86.Build.0 = Release|Any CPU
		{26AEC3E4-35AE-41EE-AFA6-3ABE08B296D1}.Release|Any CPU.ActiveCfg = Release|Any CPU
		{26AEC3E4-35AE-41EE-AFA6-3ABE08B296D1}.Release|Any CPU.Build.0 = Release|Any CPU
		{26AEC3E4-35AE-41EE-AFA6-3ABE08B296D1}.Release|ARM.ActiveCfg = Release|Any CPU
		{26AEC3E4-35AE-41EE-AFA6-3ABE08B296D1}.Release|ARM.Build.0 = Release|Any CPU
		{26AEC3E4-35AE-41EE-AFA6-3ABE08B296D1}.Release|x64.ActiveCfg = Release|Any CPU
		{26AEC3E4-35AE-41EE-AFA6-3ABE08B296D1}.Release|x64.Build.0 = Release|Any CPU
		{26AEC3E4-35AE-41EE-AFA6-3ABE08B296D1}.Release|x86.ActiveCfg = Release|Any CPU
		{26AEC3E4-35AE-41EE-AFA6-3ABE08B296D1}.Release|x86.Build.0 = Release|Any CPU
		{2F40BAA9-89C9-44D7-8060-233B5230B94B}.Debug_Ubuntu|Any CPU.ActiveCfg = Debug|Any CPU
		{2F40BAA9-89C9-44D7-8060-233B5230B94B}.Debug_Ubuntu|Any CPU.Build.0 = Debug|Any CPU
		{2F40BAA9-89C9-44D7-8060-233B5230B94B}.Debug_Ubuntu|ARM.ActiveCfg = Debug|Any CPU
		{2F40BAA9-89C9-44D7-8060-233B5230B94B}.Debug_Ubuntu|ARM.Build.0 = Debug|Any CPU
		{2F40BAA9-89C9-44D7-8060-233B5230B94B}.Debug_Ubuntu|x64.ActiveCfg = Debug|Any CPU
		{2F40BAA9-89C9-44D7-8060-233B5230B94B}.Debug_Ubuntu|x64.Build.0 = Debug|Any CPU
		{2F40BAA9-89C9-44D7-8060-233B5230B94B}.Debug_Ubuntu|x86.ActiveCfg = Debug|Any CPU
		{2F40BAA9-89C9-44D7-8060-233B5230B94B}.Debug_Ubuntu|x86.Build.0 = Debug|Any CPU
		{2F40BAA9-89C9-44D7-8060-233B5230B94B}.Debug|Any CPU.ActiveCfg = Debug|Any CPU
		{2F40BAA9-89C9-44D7-8060-233B5230B94B}.Debug|Any CPU.Build.0 = Debug|Any CPU
		{2F40BAA9-89C9-44D7-8060-233B5230B94B}.Debug|ARM.ActiveCfg = Debug|Any CPU
		{2F40BAA9-89C9-44D7-8060-233B5230B94B}.Debug|ARM.Build.0 = Debug|Any CPU
		{2F40BAA9-89C9-44D7-8060-233B5230B94B}.Debug|x64.ActiveCfg = Debug|Any CPU
		{2F40BAA9-89C9-44D7-8060-233B5230B94B}.Debug|x64.Build.0 = Debug|Any CPU
		{2F40BAA9-89C9-44D7-8060-233B5230B94B}.Debug|x86.ActiveCfg = Debug|Any CPU
		{2F40BAA9-89C9-44D7-8060-233B5230B94B}.Debug|x86.Build.0 = Debug|Any CPU
		{2F40BAA9-89C9-44D7-8060-233B5230B94B}.Release_Ubuntu|Any CPU.ActiveCfg = Release|Any CPU
		{2F40BAA9-89C9-44D7-8060-233B5230B94B}.Release_Ubuntu|Any CPU.Build.0 = Release|Any CPU
		{2F40BAA9-89C9-44D7-8060-233B5230B94B}.Release_Ubuntu|ARM.ActiveCfg = Release|Any CPU
		{2F40BAA9-89C9-44D7-8060-233B5230B94B}.Release_Ubuntu|ARM.Build.0 = Release|Any CPU
		{2F40BAA9-89C9-44D7-8060-233B5230B94B}.Release_Ubuntu|x64.ActiveCfg = Release|Any CPU
		{2F40BAA9-89C9-44D7-8060-233B5230B94B}.Release_Ubuntu|x64.Build.0 = Release|Any CPU
		{2F40BAA9-89C9-44D7-8060-233B5230B94B}.Release_Ubuntu|x86.ActiveCfg = Release|Any CPU
		{2F40BAA9-89C9-44D7-8060-233B5230B94B}.Release_Ubuntu|x86.Build.0 = Release|Any CPU
		{2F40BAA9-89C9-44D7-8060-233B5230B94B}.Release|Any CPU.ActiveCfg = Release|Any CPU
		{2F40BAA9-89C9-44D7-8060-233B5230B94B}.Release|Any CPU.Build.0 = Release|Any CPU
		{2F40BAA9-89C9-44D7-8060-233B5230B94B}.Release|ARM.ActiveCfg = Release|Any CPU
		{2F40BAA9-89C9-44D7-8060-233B5230B94B}.Release|ARM.Build.0 = Release|Any CPU
		{2F40BAA9-89C9-44D7-8060-233B5230B94B}.Release|x64.ActiveCfg = Release|Any CPU
		{2F40BAA9-89C9-44D7-8060-233B5230B94B}.Release|x64.Build.0 = Release|Any CPU
		{2F40BAA9-89C9-44D7-8060-233B5230B94B}.Release|x86.ActiveCfg = Release|Any CPU
		{2F40BAA9-89C9-44D7-8060-233B5230B94B}.Release|x86.Build.0 = Release|Any CPU
		{7D9852A5-6911-478F-B863-C31FBCDD8065}.Debug_Ubuntu|Any CPU.ActiveCfg = Debug|Any CPU
		{7D9852A5-6911-478F-B863-C31FBCDD8065}.Debug_Ubuntu|Any CPU.Build.0 = Debug|Any CPU
		{7D9852A5-6911-478F-B863-C31FBCDD8065}.Debug_Ubuntu|ARM.ActiveCfg = Debug|Any CPU
		{7D9852A5-6911-478F-B863-C31FBCDD8065}.Debug_Ubuntu|ARM.Build.0 = Debug|Any CPU
		{7D9852A5-6911-478F-B863-C31FBCDD8065}.Debug_Ubuntu|x64.ActiveCfg = Debug|Any CPU
		{7D9852A5-6911-478F-B863-C31FBCDD8065}.Debug_Ubuntu|x64.Build.0 = Debug|Any CPU
		{7D9852A5-6911-478F-B863-C31FBCDD8065}.Debug_Ubuntu|x86.ActiveCfg = Debug|Any CPU
		{7D9852A5-6911-478F-B863-C31FBCDD8065}.Debug_Ubuntu|x86.Build.0 = Debug|Any CPU
		{7D9852A5-6911-478F-B863-C31FBCDD8065}.Debug|Any CPU.ActiveCfg = Debug|Any CPU
		{7D9852A5-6911-478F-B863-C31FBCDD8065}.Debug|Any CPU.Build.0 = Debug|Any CPU
		{7D9852A5-6911-478F-B863-C31FBCDD8065}.Debug|ARM.ActiveCfg = Debug|Any CPU
		{7D9852A5-6911-478F-B863-C31FBCDD8065}.Debug|ARM.Build.0 = Debug|Any CPU
		{7D9852A5-6911-478F-B863-C31FBCDD8065}.Debug|x64.ActiveCfg = Debug|Any CPU
		{7D9852A5-6911-478F-B863-C31FBCDD8065}.Debug|x64.Build.0 = Debug|Any CPU
		{7D9852A5-6911-478F-B863-C31FBCDD8065}.Debug|x86.ActiveCfg = Debug|Any CPU
		{7D9852A5-6911-478F-B863-C31FBCDD8065}.Debug|x86.Build.0 = Debug|Any CPU
		{7D9852A5-6911-478F-B863-C31FBCDD8065}.Release_Ubuntu|Any CPU.ActiveCfg = Release|Any CPU
		{7D9852A5-6911-478F-B863-C31FBCDD8065}.Release_Ubuntu|Any CPU.Build.0 = Release|Any CPU
		{7D9852A5-6911-478F-B863-C31FBCDD8065}.Release_Ubuntu|ARM.ActiveCfg = Release|Any CPU
		{7D9852A5-6911-478F-B863-C31FBCDD8065}.Release_Ubuntu|ARM.Build.0 = Release|Any CPU
		{7D9852A5-6911-478F-B863-C31FBCDD8065}.Release_Ubuntu|x64.ActiveCfg = Release|Any CPU
		{7D9852A5-6911-478F-B863-C31FBCDD8065}.Release_Ubuntu|x64.Build.0 = Release|Any CPU
		{7D9852A5-6911-478F-B863-C31FBCDD8065}.Release_Ubuntu|x86.ActiveCfg = Release|Any CPU
		{7D9852A5-6911-478F-B863-C31FBCDD8065}.Release_Ubuntu|x86.Build.0 = Release|Any CPU
		{7D9852A5-6911-478F-B863-C31FBCDD8065}.Release|Any CPU.ActiveCfg = Release|Any CPU
		{7D9852A5-6911-478F-B863-C31FBCDD8065}.Release|Any CPU.Build.0 = Release|Any CPU
		{7D9852A5-6911-478F-B863-C31FBCDD8065}.Release|ARM.ActiveCfg = Release|Any CPU
		{7D9852A5-6911-478F-B863-C31FBCDD8065}.Release|ARM.Build.0 = Release|Any CPU
		{7D9852A5-6911-478F-B863-C31FBCDD8065}.Release|x64.ActiveCfg = Release|Any CPU
		{7D9852A5-6911-478F-B863-C31FBCDD8065}.Release|x64.Build.0 = Release|Any CPU
		{7D9852A5-6911-478F-B863-C31FBCDD8065}.Release|x86.ActiveCfg = Release|Any CPU
		{7D9852A5-6911-478F-B863-C31FBCDD8065}.Release|x86.Build.0 = Release|Any CPU
		{E32D99DC-41D7-4C95-9F2D-F7732932375C}.Debug_Ubuntu|Any CPU.ActiveCfg = Debug|Any CPU
		{E32D99DC-41D7-4C95-9F2D-F7732932375C}.Debug_Ubuntu|Any CPU.Build.0 = Debug|Any CPU
		{E32D99DC-41D7-4C95-9F2D-F7732932375C}.Debug_Ubuntu|ARM.ActiveCfg = Debug|Any CPU
		{E32D99DC-41D7-4C95-9F2D-F7732932375C}.Debug_Ubuntu|ARM.Build.0 = Debug|Any CPU
		{E32D99DC-41D7-4C95-9F2D-F7732932375C}.Debug_Ubuntu|x64.ActiveCfg = Debug|Any CPU
		{E32D99DC-41D7-4C95-9F2D-F7732932375C}.Debug_Ubuntu|x64.Build.0 = Debug|Any CPU
		{E32D99DC-41D7-4C95-9F2D-F7732932375C}.Debug_Ubuntu|x86.ActiveCfg = Debug|Any CPU
		{E32D99DC-41D7-4C95-9F2D-F7732932375C}.Debug_Ubuntu|x86.Build.0 = Debug|Any CPU
		{E32D99DC-41D7-4C95-9F2D-F7732932375C}.Debug|Any CPU.ActiveCfg = Debug|Any CPU
		{E32D99DC-41D7-4C95-9F2D-F7732932375C}.Debug|Any CPU.Build.0 = Debug|Any CPU
		{E32D99DC-41D7-4C95-9F2D-F7732932375C}.Debug|ARM.ActiveCfg = Debug|Any CPU
		{E32D99DC-41D7-4C95-9F2D-F7732932375C}.Debug|ARM.Build.0 = Debug|Any CPU
		{E32D99DC-41D7-4C95-9F2D-F7732932375C}.Debug|x64.ActiveCfg = Debug|Any CPU
		{E32D99DC-41D7-4C95-9F2D-F7732932375C}.Debug|x64.Build.0 = Debug|Any CPU
		{E32D99DC-41D7-4C95-9F2D-F7732932375C}.Debug|x86.ActiveCfg = Debug|Any CPU
		{E32D99DC-41D7-4C95-9F2D-F7732932375C}.Debug|x86.Build.0 = Debug|Any CPU
		{E32D99DC-41D7-4C95-9F2D-F7732932375C}.Release_Ubuntu|Any CPU.ActiveCfg = Release|Any CPU
		{E32D99DC-41D7-4C95-9F2D-F7732932375C}.Release_Ubuntu|Any CPU.Build.0 = Release|Any CPU
		{E32D99DC-41D7-4C95-9F2D-F7732932375C}.Release_Ubuntu|ARM.ActiveCfg = Release|Any CPU
		{E32D99DC-41D7-4C95-9F2D-F7732932375C}.Release_Ubuntu|ARM.Build.0 = Release|Any CPU
		{E32D99DC-41D7-4C95-9F2D-F7732932375C}.Release_Ubuntu|x64.ActiveCfg = Release|Any CPU
		{E32D99DC-41D7-4C95-9F2D-F7732932375C}.Release_Ubuntu|x64.Build.0 = Release|Any CPU
		{E32D99DC-41D7-4C95-9F2D-F7732932375C}.Release_Ubuntu|x86.ActiveCfg = Release|Any CPU
		{E32D99DC-41D7-4C95-9F2D-F7732932375C}.Release_Ubuntu|x86.Build.0 = Release|Any CPU
		{E32D99DC-41D7-4C95-9F2D-F7732932375C}.Release|Any CPU.ActiveCfg = Release|Any CPU
		{E32D99DC-41D7-4C95-9F2D-F7732932375C}.Release|Any CPU.Build.0 = Release|Any CPU
		{E32D99DC-41D7-4C95-9F2D-F7732932375C}.Release|ARM.ActiveCfg = Release|Any CPU
		{E32D99DC-41D7-4C95-9F2D-F7732932375C}.Release|ARM.Build.0 = Release|Any CPU
		{E32D99DC-41D7-4C95-9F2D-F7732932375C}.Release|x64.ActiveCfg = Release|Any CPU
		{E32D99DC-41D7-4C95-9F2D-F7732932375C}.Release|x64.Build.0 = Release|Any CPU
		{E32D99DC-41D7-4C95-9F2D-F7732932375C}.Release|x86.ActiveCfg = Release|Any CPU
		{E32D99DC-41D7-4C95-9F2D-F7732932375C}.Release|x86.Build.0 = Release|Any CPU
		{79871541-3A7D-4FB6-83CF-E585DB53E403}.Debug_Ubuntu|Any CPU.ActiveCfg = Debug|Any CPU
		{79871541-3A7D-4FB6-83CF-E585DB53E403}.Debug_Ubuntu|Any CPU.Build.0 = Debug|Any CPU
		{79871541-3A7D-4FB6-83CF-E585DB53E403}.Debug_Ubuntu|ARM.ActiveCfg = Debug|Any CPU
		{79871541-3A7D-4FB6-83CF-E585DB53E403}.Debug_Ubuntu|ARM.Build.0 = Debug|Any CPU
		{79871541-3A7D-4FB6-83CF-E585DB53E403}.Debug_Ubuntu|x64.ActiveCfg = Debug|Any CPU
		{79871541-3A7D-4FB6-83CF-E585DB53E403}.Debug_Ubuntu|x64.Build.0 = Debug|Any CPU
		{79871541-3A7D-4FB6-83CF-E585DB53E403}.Debug_Ubuntu|x86.ActiveCfg = Debug|Any CPU
		{79871541-3A7D-4FB6-83CF-E585DB53E403}.Debug_Ubuntu|x86.Build.0 = Debug|Any CPU
		{79871541-3A7D-4FB6-83CF-E585DB53E403}.Debug|Any CPU.ActiveCfg = Debug|Any CPU
		{79871541-3A7D-4FB6-83CF-E585DB53E403}.Debug|Any CPU.Build.0 = Debug|Any CPU
		{79871541-3A7D-4FB6-83CF-E585DB53E403}.Debug|ARM.ActiveCfg = Debug|Any CPU
		{79871541-3A7D-4FB6-83CF-E585DB53E403}.Debug|ARM.Build.0 = Debug|Any CPU
		{79871541-3A7D-4FB6-83CF-E585DB53E403}.Debug|x64.ActiveCfg = Debug|Any CPU
		{79871541-3A7D-4FB6-83CF-E585DB53E403}.Debug|x64.Build.0 = Debug|Any CPU
		{79871541-3A7D-4FB6-83CF-E585DB53E403}.Debug|x86.ActiveCfg = Debug|Any CPU
		{79871541-3A7D-4FB6-83CF-E585DB53E403}.Debug|x86.Build.0 = Debug|Any CPU
		{79871541-3A7D-4FB6-83CF-E585DB53E403}.Release_Ubuntu|Any CPU.ActiveCfg = Release|Any CPU
		{79871541-3A7D-4FB6-83CF-E585DB53E403}.Release_Ubuntu|Any CPU.Build.0 = Release|Any CPU
		{79871541-3A7D-4FB6-83CF-E585DB53E403}.Release_Ubuntu|ARM.ActiveCfg = Release|Any CPU
		{79871541-3A7D-4FB6-83CF-E585DB53E403}.Release_Ubuntu|ARM.Build.0 = Release|Any CPU
		{79871541-3A7D-4FB6-83CF-E585DB53E403}.Release_Ubuntu|x64.ActiveCfg = Release|Any CPU
		{79871541-3A7D-4FB6-83CF-E585DB53E403}.Release_Ubuntu|x64.Build.0 = Release|Any CPU
		{79871541-3A7D-4FB6-83CF-E585DB53E403}.Release_Ubuntu|x86.ActiveCfg = Release|Any CPU
		{79871541-3A7D-4FB6-83CF-E585DB53E403}.Release_Ubuntu|x86.Build.0 = Release|Any CPU
		{79871541-3A7D-4FB6-83CF-E585DB53E403}.Release|Any CPU.ActiveCfg = Release|Any CPU
		{79871541-3A7D-4FB6-83CF-E585DB53E403}.Release|Any CPU.Build.0 = Release|Any CPU
		{79871541-3A7D-4FB6-83CF-E585DB53E403}.Release|ARM.ActiveCfg = Release|Any CPU
		{79871541-3A7D-4FB6-83CF-E585DB53E403}.Release|ARM.Build.0 = Release|Any CPU
		{79871541-3A7D-4FB6-83CF-E585DB53E403}.Release|x64.ActiveCfg = Release|Any CPU
		{79871541-3A7D-4FB6-83CF-E585DB53E403}.Release|x64.Build.0 = Release|Any CPU
		{79871541-3A7D-4FB6-83CF-E585DB53E403}.Release|x86.ActiveCfg = Release|Any CPU
		{79871541-3A7D-4FB6-83CF-E585DB53E403}.Release|x86.Build.0 = Release|Any CPU
		{AFFD1EF0-DCDD-4E15-AD2A-35038BB3AAE8}.Debug_Ubuntu|Any CPU.ActiveCfg = Debug|Any CPU
		{AFFD1EF0-DCDD-4E15-AD2A-35038BB3AAE8}.Debug_Ubuntu|Any CPU.Build.0 = Debug|Any CPU
		{AFFD1EF0-DCDD-4E15-AD2A-35038BB3AAE8}.Debug_Ubuntu|ARM.ActiveCfg = Debug|Any CPU
		{AFFD1EF0-DCDD-4E15-AD2A-35038BB3AAE8}.Debug_Ubuntu|ARM.Build.0 = Debug|Any CPU
		{AFFD1EF0-DCDD-4E15-AD2A-35038BB3AAE8}.Debug_Ubuntu|x64.ActiveCfg = Debug|Any CPU
		{AFFD1EF0-DCDD-4E15-AD2A-35038BB3AAE8}.Debug_Ubuntu|x64.Build.0 = Debug|Any CPU
		{AFFD1EF0-DCDD-4E15-AD2A-35038BB3AAE8}.Debug_Ubuntu|x86.ActiveCfg = Debug|Any CPU
		{AFFD1EF0-DCDD-4E15-AD2A-35038BB3AAE8}.Debug_Ubuntu|x86.Build.0 = Debug|Any CPU
		{AFFD1EF0-DCDD-4E15-AD2A-35038BB3AAE8}.Debug|Any CPU.ActiveCfg = Debug|Any CPU
		{AFFD1EF0-DCDD-4E15-AD2A-35038BB3AAE8}.Debug|Any CPU.Build.0 = Debug|Any CPU
		{AFFD1EF0-DCDD-4E15-AD2A-35038BB3AAE8}.Debug|ARM.ActiveCfg = Debug|Any CPU
		{AFFD1EF0-DCDD-4E15-AD2A-35038BB3AAE8}.Debug|ARM.Build.0 = Debug|Any CPU
		{AFFD1EF0-DCDD-4E15-AD2A-35038BB3AAE8}.Debug|x64.ActiveCfg = Debug|Any CPU
		{AFFD1EF0-DCDD-4E15-AD2A-35038BB3AAE8}.Debug|x64.Build.0 = Debug|Any CPU
		{AFFD1EF0-DCDD-4E15-AD2A-35038BB3AAE8}.Debug|x86.ActiveCfg = Debug|Any CPU
		{AFFD1EF0-DCDD-4E15-AD2A-35038BB3AAE8}.Debug|x86.Build.0 = Debug|Any CPU
		{AFFD1EF0-DCDD-4E15-AD2A-35038BB3AAE8}.Release_Ubuntu|Any CPU.ActiveCfg = Release|Any CPU
		{AFFD1EF0-DCDD-4E15-AD2A-35038BB3AAE8}.Release_Ubuntu|Any CPU.Build.0 = Release|Any CPU
		{AFFD1EF0-DCDD-4E15-AD2A-35038BB3AAE8}.Release_Ubuntu|ARM.ActiveCfg = Release|Any CPU
		{AFFD1EF0-DCDD-4E15-AD2A-35038BB3AAE8}.Release_Ubuntu|ARM.Build.0 = Release|Any CPU
		{AFFD1EF0-DCDD-4E15-AD2A-35038BB3AAE8}.Release_Ubuntu|x64.ActiveCfg = Release|Any CPU
		{AFFD1EF0-DCDD-4E15-AD2A-35038BB3AAE8}.Release_Ubuntu|x64.Build.0 = Release|Any CPU
		{AFFD1EF0-DCDD-4E15-AD2A-35038BB3AAE8}.Release_Ubuntu|x86.ActiveCfg = Release|Any CPU
		{AFFD1EF0-DCDD-4E15-AD2A-35038BB3AAE8}.Release_Ubuntu|x86.Build.0 = Release|Any CPU
		{AFFD1EF0-DCDD-4E15-AD2A-35038BB3AAE8}.Release|Any CPU.ActiveCfg = Release|Any CPU
		{AFFD1EF0-DCDD-4E15-AD2A-35038BB3AAE8}.Release|Any CPU.Build.0 = Release|Any CPU
		{AFFD1EF0-DCDD-4E15-AD2A-35038BB3AAE8}.Release|ARM.ActiveCfg = Release|Any CPU
		{AFFD1EF0-DCDD-4E15-AD2A-35038BB3AAE8}.Release|ARM.Build.0 = Release|Any CPU
		{AFFD1EF0-DCDD-4E15-AD2A-35038BB3AAE8}.Release|x64.ActiveCfg = Release|Any CPU
		{AFFD1EF0-DCDD-4E15-AD2A-35038BB3AAE8}.Release|x64.Build.0 = Release|Any CPU
		{AFFD1EF0-DCDD-4E15-AD2A-35038BB3AAE8}.Release|x86.ActiveCfg = Release|Any CPU
		{AFFD1EF0-DCDD-4E15-AD2A-35038BB3AAE8}.Release|x86.Build.0 = Release|Any CPU
		{291A80B9-8D03-4E29-A8A0-A5974F6A4024}.Debug_Ubuntu|Any CPU.ActiveCfg = Debug|Any CPU
		{291A80B9-8D03-4E29-A8A0-A5974F6A4024}.Debug_Ubuntu|Any CPU.Build.0 = Debug|Any CPU
		{291A80B9-8D03-4E29-A8A0-A5974F6A4024}.Debug_Ubuntu|ARM.ActiveCfg = Debug|Any CPU
		{291A80B9-8D03-4E29-A8A0-A5974F6A4024}.Debug_Ubuntu|ARM.Build.0 = Debug|Any CPU
		{291A80B9-8D03-4E29-A8A0-A5974F6A4024}.Debug_Ubuntu|x64.ActiveCfg = Debug|Any CPU
		{291A80B9-8D03-4E29-A8A0-A5974F6A4024}.Debug_Ubuntu|x64.Build.0 = Debug|Any CPU
		{291A80B9-8D03-4E29-A8A0-A5974F6A4024}.Debug_Ubuntu|x86.ActiveCfg = Debug|Any CPU
		{291A80B9-8D03-4E29-A8A0-A5974F6A4024}.Debug_Ubuntu|x86.Build.0 = Debug|Any CPU
		{291A80B9-8D03-4E29-A8A0-A5974F6A4024}.Debug|Any CPU.ActiveCfg = Debug|Any CPU
		{291A80B9-8D03-4E29-A8A0-A5974F6A4024}.Debug|Any CPU.Build.0 = Debug|Any CPU
		{291A80B9-8D03-4E29-A8A0-A5974F6A4024}.Debug|ARM.ActiveCfg = Debug|Any CPU
		{291A80B9-8D03-4E29-A8A0-A5974F6A4024}.Debug|ARM.Build.0 = Debug|Any CPU
		{291A80B9-8D03-4E29-A8A0-A5974F6A4024}.Debug|x64.ActiveCfg = Debug|Any CPU
		{291A80B9-8D03-4E29-A8A0-A5974F6A4024}.Debug|x64.Build.0 = Debug|Any CPU
		{291A80B9-8D03-4E29-A8A0-A5974F6A4024}.Debug|x86.ActiveCfg = Debug|Any CPU
		{291A80B9-8D03-4E29-A8A0-A5974F6A4024}.Debug|x86.Build.0 = Debug|Any CPU
		{291A80B9-8D03-4E29-A8A0-A5974F6A4024}.Release_Ubuntu|Any CPU.ActiveCfg = Release|Any CPU
		{291A80B9-8D03-4E29-A8A0-A5974F6A4024}.Release_Ubuntu|Any CPU.Build.0 = Release|Any CPU
		{291A80B9-8D03-4E29-A8A0-A5974F6A4024}.Release_Ubuntu|ARM.ActiveCfg = Release|Any CPU
		{291A80B9-8D03-4E29-A8A0-A5974F6A4024}.Release_Ubuntu|ARM.Build.0 = Release|Any CPU
		{291A80B9-8D03-4E29-A8A0-A5974F6A4024}.Release_Ubuntu|x64.ActiveCfg = Release|Any CPU
		{291A80B9-8D03-4E29-A8A0-A5974F6A4024}.Release_Ubuntu|x64.Build.0 = Release|Any CPU
		{291A80B9-8D03-4E29-A8A0-A5974F6A4024}.Release_Ubuntu|x86.ActiveCfg = Release|Any CPU
		{291A80B9-8D03-4E29-A8A0-A5974F6A4024}.Release_Ubuntu|x86.Build.0 = Release|Any CPU
		{291A80B9-8D03-4E29-A8A0-A5974F6A4024}.Release|Any CPU.ActiveCfg = Release|Any CPU
		{291A80B9-8D03-4E29-A8A0-A5974F6A4024}.Release|Any CPU.Build.0 = Release|Any CPU
		{291A80B9-8D03-4E29-A8A0-A5974F6A4024}.Release|ARM.ActiveCfg = Release|Any CPU
		{291A80B9-8D03-4E29-A8A0-A5974F6A4024}.Release|ARM.Build.0 = Release|Any CPU
		{291A80B9-8D03-4E29-A8A0-A5974F6A4024}.Release|x64.ActiveCfg = Release|Any CPU
		{291A80B9-8D03-4E29-A8A0-A5974F6A4024}.Release|x64.Build.0 = Release|Any CPU
		{291A80B9-8D03-4E29-A8A0-A5974F6A4024}.Release|x86.ActiveCfg = Release|Any CPU
		{291A80B9-8D03-4E29-A8A0-A5974F6A4024}.Release|x86.Build.0 = Release|Any CPU
	EndGlobalSection
	GlobalSection(SolutionProperties) = preSolution
		HideSolutionNode = FALSE
	EndGlobalSection
	GlobalSection(NestedProjects) = preSolution
		{461BD293-FE4E-4EE0-ACA1-CD638A64B0EB} = {C6B31BF4-4A53-448E-B235-5FCFF02F653A}
		{9EE2B6B1-3A4C-42E5-B324-BF892DDC9BAC} = {C6B31BF4-4A53-448E-B235-5FCFF02F653A}
		{79871541-3A7D-4FB6-83CF-E585DB53E403} = {C6B31BF4-4A53-448E-B235-5FCFF02F653A}
		{AFFD1EF0-DCDD-4E15-AD2A-35038BB3AAE8} = {C6B31BF4-4A53-448E-B235-5FCFF02F653A}
	EndGlobalSection
EndGlobal
